// !$*UTF8*$!
{
	archiveVersion = 1;
	classes = {
	};
	objectVersion = 48;
	objects = {

/* Begin PBXBuildFile section */
		FE02DD11225B8D1100FA08EB /* db-schema-3.sql in Resources */ = {isa = PBXBuildFile; fileRef = FE02DD10225B8D1100FA08EB /* db-schema-3.sql */; };
		FE02DD13225BC33F00FA08EB /* DBOMEMOStore.swift in Sources */ = {isa = PBXBuildFile; fileRef = FE02DD12225BC33F00FA08EB /* DBOMEMOStore.swift */; };
		FE0C817F2257B48400948C41 /* Settings.storyboard in Resources */ = {isa = PBXBuildFile; fileRef = FEDC03172257B2B400F24BF4 /* Settings.storyboard */; };
		FE137A4621F5FE05006B7F7C /* ShowMainWindowSegue.swift in Sources */ = {isa = PBXBuildFile; fileRef = FE137A4521F5FE05006B7F7C /* ShowMainWindowSegue.swift */; };
		FE149D8222A5120300EE4E03 /* SearchHistory.storyboard in Resources */ = {isa = PBXBuildFile; fileRef = FE149D8122A5120300EE4E03 /* SearchHistory.storyboard */; };
		FE149D8522A515C900EE4E03 /* SearchHistoryController.swift in Sources */ = {isa = PBXBuildFile; fileRef = FE149D8422A515C900EE4E03 /* SearchHistoryController.swift */; };
		FE149D8722A51AD900EE4E03 /* db-schema-4.sql in Resources */ = {isa = PBXBuildFile; fileRef = FE149D8622A51AD900EE4E03 /* db-schema-4.sql */; };
		FE1678EE22FC92970013B94A /* WebRTC.framework in Frameworks */ = {isa = PBXBuildFile; fileRef = FE1678ED22FC92970013B94A /* WebRTC.framework */; };
		FE1678EF22FC92970013B94A /* WebRTC.framework in Embed Frameworks */ = {isa = PBXBuildFile; fileRef = FE1678ED22FC92970013B94A /* WebRTC.framework */; settings = {ATTRIBUTES = (CodeSignOnCopy, RemoveHeadersOnCopy, ); }; };
		FE1A8BA321C96C1B00604141 /* RoundButton.swift in Sources */ = {isa = PBXBuildFile; fileRef = FE1A8BA221C96C1B00604141 /* RoundButton.swift */; };
		FE1A8BA621CA88E300604141 /* JingleManager_Session.swift in Sources */ = {isa = PBXBuildFile; fileRef = FE1A8BA521CA88E300604141 /* JingleManager_Session.swift */; };
		FE28097D21652A7C002F5BD0 /* VCardEditorViewController.swift in Sources */ = {isa = PBXBuildFile; fileRef = FE28097C21652A7C002F5BD0 /* VCardEditorViewController.swift */; };
		FE28097F2166892D002F5BD0 /* AccountDetailsViewController.swift in Sources */ = {isa = PBXBuildFile; fileRef = FE28097E2166892D002F5BD0 /* AccountDetailsViewController.swift */; };
		FE2809852169FB75002F5BD0 /* Alert.swift in Sources */ = {isa = PBXBuildFile; fileRef = FE2809842169FB74002F5BD0 /* Alert.swift */; };
		FE30D8AD214C2D7100670BEC /* RosterViewController_ContextMenu.swift in Sources */ = {isa = PBXBuildFile; fileRef = FE30D8AC214C2D7100670BEC /* RosterViewController_ContextMenu.swift */; };
		FE30D8AF214C3B7600670BEC /* NSImage.swift in Sources */ = {isa = PBXBuildFile; fileRef = FE30D8AE214C3B7600670BEC /* NSImage.swift */; };
		FE30D8B1214CE93600670BEC /* FormView.swift in Sources */ = {isa = PBXBuildFile; fileRef = FE30D8B0214CE93600670BEC /* FormView.swift */; };
		FE30D8B3214CF15700670BEC /* AddContactController.swift in Sources */ = {isa = PBXBuildFile; fileRef = FE30D8B2214CF15700670BEC /* AddContactController.swift */; };
		FE30D8B5214D39A700670BEC /* GeneralSettingsController.swift in Sources */ = {isa = PBXBuildFile; fileRef = FE30D8B4214D39A700670BEC /* GeneralSettingsController.swift */; };
		FE30D8B7214D4BCD00670BEC /* Settings.swift in Sources */ = {isa = PBXBuildFile; fileRef = FE30D8B6214D4BCD00670BEC /* Settings.swift */; };
		FE30D8BA214ED28A00670BEC /* OpenGroupchatController.swift in Sources */ = {isa = PBXBuildFile; fileRef = FE30D8B9214ED28A00670BEC /* OpenGroupchatController.swift */; };
		FE34BBD12157901100775B07 /* JabberDataFormView.swift in Sources */ = {isa = PBXBuildFile; fileRef = FE34BBD02157901100775B07 /* JabberDataFormView.swift */; };
		FE34BBD52157DDF200775B07 /* MucModule_RoomError_extension.swift in Sources */ = {isa = PBXBuildFile; fileRef = FE34BBD42157DDF200775B07 /* MucModule_RoomError_extension.swift */; };
		FE380ADA21B15720008717FA /* DownloadCache.swift in Sources */ = {isa = PBXBuildFile; fileRef = FE380AD921B15720008717FA /* DownloadCache.swift */; };
		FE3AA0C92154062F001667A9 /* ChatsListGroupProtocol.swift in Sources */ = {isa = PBXBuildFile; fileRef = FE3AA0C82154062F001667A9 /* ChatsListGroupProtocol.swift */; };
		FE3AA0CB21540669001667A9 /* ChatItemProtocol.swift in Sources */ = {isa = PBXBuildFile; fileRef = FE3AA0CA21540669001667A9 /* ChatItemProtocol.swift */; };
		FE3AA0CD2154069D001667A9 /* ChatsListGroupGroupchat.swift in Sources */ = {isa = PBXBuildFile; fileRef = FE3AA0CC2154069D001667A9 /* ChatsListGroupGroupchat.swift */; };
		FE3AA0CF215406D1001667A9 /* ChatsListGroupChat.swift in Sources */ = {isa = PBXBuildFile; fileRef = FE3AA0CE215406D1001667A9 /* ChatsListGroupChat.swift */; };
		FE3AA0D12154077D001667A9 /* ChatsListGroupAbstractChat.swift in Sources */ = {isa = PBXBuildFile; fileRef = FE3AA0D02154077D001667A9 /* ChatsListGroupAbstractChat.swift */; };
		FE3AA0D3215409B8001667A9 /* DBRoomsManager.swift in Sources */ = {isa = PBXBuildFile; fileRef = FE3AA0D2215409B8001667A9 /* DBRoomsManager.swift */; };
		FE3F2AF2228813E200737D51 /* EmptyViewController.swift in Sources */ = {isa = PBXBuildFile; fileRef = FE3F2AF1228813E200737D51 /* EmptyViewController.swift */; };
		FE4073A721BACA2D009CE335 /* VoIP.storyboard in Resources */ = {isa = PBXBuildFile; fileRef = FE4073A621BACA2D009CE335 /* VoIP.storyboard */; };
		FE4073A921BACC50009CE335 /* VideoCallController.swift in Sources */ = {isa = PBXBuildFile; fileRef = FE4073A821BACC50009CE335 /* VideoCallController.swift */; };
		FE41FB2F215A822700AD86D3 /* ManageAffiliationsViewController.swift in Sources */ = {isa = PBXBuildFile; fileRef = FE41FB2E215A822700AD86D3 /* ManageAffiliationsViewController.swift */; };
		FE41FB31215AB32200AD86D3 /* ServerCertificateInfo.swift in Sources */ = {isa = PBXBuildFile; fileRef = FE41FB30215AB32200AD86D3 /* ServerCertificateInfo.swift */; };
		FE41FB33215B8D5A00AD86D3 /* ServerCertificateErrorController.swift in Sources */ = {isa = PBXBuildFile; fileRef = FE41FB32215B8D5A00AD86D3 /* ServerCertificateErrorController.swift */; };
		FE41FB37215BBFC800AD86D3 /* DBCapabilitiesCache.swift in Sources */ = {isa = PBXBuildFile; fileRef = FE41FB36215BBFC800AD86D3 /* DBCapabilitiesCache.swift */; };
		FE41FB39215CD51700AD86D3 /* MucEventHandler.swift in Sources */ = {isa = PBXBuildFile; fileRef = FE41FB38215CD51700AD86D3 /* MucEventHandler.swift */; };
		FE41FB3B215CD7F300AD86D3 /* XmppServiceEventHandler.swift in Sources */ = {isa = PBXBuildFile; fileRef = FE41FB3A215CD7F300AD86D3 /* XmppServiceEventHandler.swift */; };
		FE41FB3D215CD82500AD86D3 /* PresenceRosterEventHandler.swift in Sources */ = {isa = PBXBuildFile; fileRef = FE41FB3C215CD82500AD86D3 /* PresenceRosterEventHandler.swift */; };
		FE41FB3F215CD95D00AD86D3 /* AvatarEventHandler.swift in Sources */ = {isa = PBXBuildFile; fileRef = FE41FB3E215CD95D00AD86D3 /* AvatarEventHandler.swift */; };
		FE41FB41215CDA6000AD86D3 /* MessageEventHandler.swift in Sources */ = {isa = PBXBuildFile; fileRef = FE41FB40215CDA6000AD86D3 /* MessageEventHandler.swift */; };
		FE41FB43215CDAF900AD86D3 /* XMPPClient_extension.swift in Sources */ = {isa = PBXBuildFile; fileRef = FE41FB42215CDAF900AD86D3 /* XMPPClient_extension.swift */; };
		FE41FB45215E426400AD86D3 /* MessageArchivingSetttingsViewController.swift in Sources */ = {isa = PBXBuildFile; fileRef = FE41FB44215E426400AD86D3 /* MessageArchivingSetttingsViewController.swift */; };
		FE421B4721C928B00022DF77 /* Credits.rtf in Resources */ = {isa = PBXBuildFile; fileRef = FE421B4621C928B00022DF77 /* Credits.rtf */; };
		FE421B4921C92FBF0022DF77 /* LICENSE in Resources */ = {isa = PBXBuildFile; fileRef = FE421B4821C92FBF0022DF77 /* LICENSE */; };
		FE4D2132221F2A6E0058B662 /* db-schema-2.sql in Resources */ = {isa = PBXBuildFile; fileRef = FE4D2131221F2A6E0058B662 /* db-schema-2.sql */; };
		FE4D21382223FEE70058B662 /* PEPBookmarksModule_extension.swift in Sources */ = {isa = PBXBuildFile; fileRef = FE4D21372223FEE70058B662 /* PEPBookmarksModule_extension.swift */; };
		FE4E8DDA215EA4860010D88E /* HttpFileUploadEventHandler.swift in Sources */ = {isa = PBXBuildFile; fileRef = FE4E8DD9215EA4860010D88E /* HttpFileUploadEventHandler.swift */; };
		FE4E8DDC215F72130010D88E /* AbstractChatView_ShareExtension.swift in Sources */ = {isa = PBXBuildFile; fileRef = FE4E8DDB215F72130010D88E /* AbstractChatView_ShareExtension.swift */; };
		FE4E8DE12160E7AA0010D88E /* TigaseSwift.framework in Embed Frameworks */ = {isa = PBXBuildFile; fileRef = FEF9D12A2082804E00B09B6C /* TigaseSwift.framework */; settings = {ATTRIBUTES = (CodeSignOnCopy, RemoveHeadersOnCopy, ); }; };
		FE5202D5227F330E00644C12 /* ChatMessageContinuationCellView.swift in Sources */ = {isa = PBXBuildFile; fileRef = FE5202D4227F330E00644C12 /* ChatMessageContinuationCellView.swift */; };
		FE5202D7227F339D00644C12 /* BaseChatMessageCellView.swift in Sources */ = {isa = PBXBuildFile; fileRef = FE5202D6227F339D00644C12 /* BaseChatMessageCellView.swift */; };
		FE5BE64C213AC3EA00463183 /* ChatsCellViewCloseButton.swift in Sources */ = {isa = PBXBuildFile; fileRef = FE5BE64B213AC3EA00463183 /* ChatsCellViewCloseButton.swift */; };
		FE5BE64E213AD19A00463183 /* ChatCellViewMessage.swift in Sources */ = {isa = PBXBuildFile; fileRef = FE5BE64D213AD19A00463183 /* ChatCellViewMessage.swift */; };
		FE5C6B2422896B12003DAB30 /* ServiceDiscovery.storyboard in Resources */ = {isa = PBXBuildFile; fileRef = FE5C6B2322896B12003DAB30 /* ServiceDiscovery.storyboard */; };
		FE5C6B2722897F1B003DAB30 /* ServiceDiscoveryViewController.swift in Sources */ = {isa = PBXBuildFile; fileRef = FE5C6B2622897F1B003DAB30 /* ServiceDiscoveryViewController.swift */; };
		FE5C6B29228B34B9003DAB30 /* SelectAdHocCommandController.swift in Sources */ = {isa = PBXBuildFile; fileRef = FE5C6B28228B34B9003DAB30 /* SelectAdHocCommandController.swift */; };
		FE5C6B2B228C119A003DAB30 /* ExecuteAdHocCommandController.swift in Sources */ = {isa = PBXBuildFile; fileRef = FE5C6B2A228C119A003DAB30 /* ExecuteAdHocCommandController.swift */; };
		FE5C6B2D22916C47003DAB30 /* JoinGroupchatViewController.swift in Sources */ = {isa = PBXBuildFile; fileRef = FE5C6B2C22916C47003DAB30 /* JoinGroupchatViewController.swift */; };
		FE5CAF982215BCD600FABD46 /* ScriptsManager.swift in Sources */ = {isa = PBXBuildFile; fileRef = FE5CAF972215BCD600FABD46 /* ScriptsManager.swift */; };
		FE5CAF9A2216EEF200FABD46 /* NSPopupButtonNoSizeWhenHidden.swift in Sources */ = {isa = PBXBuildFile; fileRef = FE5CAF992216EEF200FABD46 /* NSPopupButtonNoSizeWhenHidden.swift */; };
		FE65A283230314D9001E68EF /* SettingsTabViewController.swift in Sources */ = {isa = PBXBuildFile; fileRef = FE65A282230314D9001E68EF /* SettingsTabViewController.swift */; };
		FE6E6BF721384D5F003B1696 /* AutoresizingTextField.swift in Sources */ = {isa = PBXBuildFile; fileRef = FE6E6BE221384D5E003B1696 /* AutoresizingTextField.swift */; };
		FE6E6BF821384D5F003B1696 /* ViewController.swift in Sources */ = {isa = PBXBuildFile; fileRef = FE6E6BE321384D5E003B1696 /* ViewController.swift */; };
		FE6E6BF921384D5F003B1696 /* AvatarView.swift in Sources */ = {isa = PBXBuildFile; fileRef = FE6E6BE421384D5E003B1696 /* AvatarView.swift */; };
		FE6E6BFA21384D5F003B1696 /* AccountManager.swift in Sources */ = {isa = PBXBuildFile; fileRef = FE6E6BE621384D5E003B1696 /* AccountManager.swift */; };
		FE6E6BFB21384D5F003B1696 /* XmppService.swift in Sources */ = {isa = PBXBuildFile; fileRef = FE6E6BE821384D5E003B1696 /* XmppService.swift */; };
		FE6E6BFC21384D5F003B1696 /* OutlineGroupItemButton.swift in Sources */ = {isa = PBXBuildFile; fileRef = FE6E6BEA21384D5E003B1696 /* OutlineGroupItemButton.swift */; };
		FE6E6BFD21384D5F003B1696 /* Open1On1ChatController.swift in Sources */ = {isa = PBXBuildFile; fileRef = FE6E6BEB21384D5E003B1696 /* Open1On1ChatController.swift */; };
		FE6E6BFE21384D5F003B1696 /* ChatMessageCellView.swift in Sources */ = {isa = PBXBuildFile; fileRef = FE6E6BEC21384D5E003B1696 /* ChatMessageCellView.swift */; };
		FE6E6BFF21384D5F003B1696 /* ChatViewController.swift in Sources */ = {isa = PBXBuildFile; fileRef = FE6E6BED21384D5E003B1696 /* ChatViewController.swift */; };
		FE6E6C0021384D5F003B1696 /* ChatsListView.swift in Sources */ = {isa = PBXBuildFile; fileRef = FE6E6BEF21384D5E003B1696 /* ChatsListView.swift */; };
		FE6E6C0121384D5F003B1696 /* ChatsWindowController.swift in Sources */ = {isa = PBXBuildFile; fileRef = FE6E6BF021384D5E003B1696 /* ChatsWindowController.swift */; };
		FE6E6C0221384D5F003B1696 /* DBChatHistoryStore.swift in Sources */ = {isa = PBXBuildFile; fileRef = FE6E6BF221384D5E003B1696 /* DBChatHistoryStore.swift */; };
		FE6E6C0321384D5F003B1696 /* DBRosterStore.swift in Sources */ = {isa = PBXBuildFile; fileRef = FE6E6BF321384D5E003B1696 /* DBRosterStore.swift */; };
		FE6E6C0421384D5F003B1696 /* DatabaseSchemaManager.swift in Sources */ = {isa = PBXBuildFile; fileRef = FE6E6BF421384D5E003B1696 /* DatabaseSchemaManager.swift */; };
		FE6E6C0521384D5F003B1696 /* DBChatStore.swift in Sources */ = {isa = PBXBuildFile; fileRef = FE6E6BF521384D5E003B1696 /* DBChatStore.swift */; };
		FE6E6C0621384D5F003B1696 /* Database.swift in Sources */ = {isa = PBXBuildFile; fileRef = FE6E6BF621384D5E003B1696 /* Database.swift */; };
		FE6E6C0821384DF1003B1696 /* ChatCellView.swift in Sources */ = {isa = PBXBuildFile; fileRef = FE6E6C0721384DF1003B1696 /* ChatCellView.swift */; };
		FE83E363217A3809001DEF09 /* JingleManager.swift in Sources */ = {isa = PBXBuildFile; fileRef = FE83E362217A3809001DEF09 /* JingleManager.swift */; };
		FE83E365217B0F89001DEF09 /* AVFoundation.framework in Frameworks */ = {isa = PBXBuildFile; fileRef = FE83E364217B0F89001DEF09 /* AVFoundation.framework */; };
		FE87C76C2283487300B0B64C /* XMLConsole.storyboard in Resources */ = {isa = PBXBuildFile; fileRef = FE87C76B2283487300B0B64C /* XMLConsole.storyboard */; };
		FE87C76F22834E0B00B0B64C /* XMLConsoleViewController.swift in Sources */ = {isa = PBXBuildFile; fileRef = FE87C76E22834E0B00B0B64C /* XMLConsoleViewController.swift */; };
		FE87C7752285736200B0B64C /* XMLEntryViewController.swift in Sources */ = {isa = PBXBuildFile; fileRef = FE87C7742285736200B0B64C /* XMLEntryViewController.swift */; };
		FE8C9F5421B3F6BD00BE8332 /* container-migration.plist in Resources */ = {isa = PBXBuildFile; fileRef = FE8C9F5321B3F6BD00BE8332 /* container-migration.plist */; };
		FE8C9F5621B40F9000BE8332 /* RegisterAccountController.swift in Sources */ = {isa = PBXBuildFile; fileRef = FE8C9F5521B40F9000BE8332 /* RegisterAccountController.swift */; };
		FE9486B221BBD7A600C8DE49 /* NSButtonNoSizeWhenHidden.swift in Sources */ = {isa = PBXBuildFile; fileRef = FE9486B121BBD7A600C8DE49 /* NSButtonNoSizeWhenHidden.swift */; };
		FE988C19232C0A0C002D85AF /* ChangePasswordController.swift in Sources */ = {isa = PBXBuildFile; fileRef = FE988C18232C0A0C002D85AF /* ChangePasswordController.swift */; };
		FE9CDF0D2269E282001039C3 /* MessageEncryption.swift in Sources */ = {isa = PBXBuildFile; fileRef = FE9CDF0C2269E282001039C3 /* MessageEncryption.swift */; };
		FEA2F53522E46A2E009F2E88 /* ShowRosterWindowSegue.swift in Sources */ = {isa = PBXBuildFile; fileRef = FEA2F53422E46A2E009F2E88 /* ShowRosterWindowSegue.swift */; };
		FEA2F53722E5F6A2009F2E88 /* AdvancedSettingsController.swift in Sources */ = {isa = PBXBuildFile; fileRef = FEA2F53622E5F6A2009F2E88 /* AdvancedSettingsController.swift */; };
		FEA8941F2156625E004C3B51 /* ConfigureRoomViewController.swift in Sources */ = {isa = PBXBuildFile; fileRef = FEA8941E2156625E004C3B51 /* ConfigureRoomViewController.swift */; };
		FEB4EAFC2162A3DC00F8A9E2 /* AutoresizineTextView.swift in Sources */ = {isa = PBXBuildFile; fileRef = FEB4EAFB2162A3DC00F8A9E2 /* AutoresizineTextView.swift */; };
		FEB4EAFE2163714300F8A9E2 /* RoundedScrollView.swift in Sources */ = {isa = PBXBuildFile; fileRef = FEB4EAFD2163714300F8A9E2 /* RoundedScrollView.swift */; };
		FEC5DC7E21552A3300AA3E4F /* ChatViewDataSourceDelegate.swift in Sources */ = {isa = PBXBuildFile; fileRef = FEC5DC7D21552A3300AA3E4F /* ChatViewDataSourceDelegate.swift */; };
		FEC5DC8021552A9B00AA3E4F /* ChatViewDataSource.swift in Sources */ = {isa = PBXBuildFile; fileRef = FEC5DC7F21552A9B00AA3E4F /* ChatViewDataSource.swift */; };
		FEC5DC8221552D8300AA3E4F /* ChatViewItemProtocol.swift in Sources */ = {isa = PBXBuildFile; fileRef = FEC5DC8121552D8300AA3E4F /* ChatViewItemProtocol.swift */; };
		FEC5DC8421553A7500AA3E4F /* AbstractChatViewController.swift in Sources */ = {isa = PBXBuildFile; fileRef = FEC5DC8321553A7500AA3E4F /* AbstractChatViewController.swift */; };
		FEC5DC8621553F4700AA3E4F /* GroupchatViewController.swift in Sources */ = {isa = PBXBuildFile; fileRef = FEC5DC8521553F4700AA3E4F /* GroupchatViewController.swift */; };
		FEC661F821AABFB0004FDE1E /* NSViewWithTextBackground.swift in Sources */ = {isa = PBXBuildFile; fileRef = FEC661F721AABFB0004FDE1E /* NSViewWithTextBackground.swift */; };
		FED2ECF42066B01C00F506A5 /* AppDelegate.swift in Sources */ = {isa = PBXBuildFile; fileRef = FED2ECF32066B01C00F506A5 /* AppDelegate.swift */; };
		FED2ECF82066B01C00F506A5 /* Assets.xcassets in Resources */ = {isa = PBXBuildFile; fileRef = FED2ECF72066B01C00F506A5 /* Assets.xcassets */; };
		FED2ECFB2066B01C00F506A5 /* Main.storyboard in Resources */ = {isa = PBXBuildFile; fileRef = FED2ECF92066B01C00F506A5 /* Main.storyboard */; };
		FED2ED072066B01C00F506A5 /* BeagleIMTests.swift in Sources */ = {isa = PBXBuildFile; fileRef = FED2ED062066B01C00F506A5 /* BeagleIMTests.swift */; };
		FED2ED122066B01C00F506A5 /* BeagleIMUITests.swift in Sources */ = {isa = PBXBuildFile; fileRef = FED2ED112066B01C00F506A5 /* BeagleIMUITests.swift */; };
		FED7AEBF214035C0001E164B /* AccountsListController.swift in Sources */ = {isa = PBXBuildFile; fileRef = FED7AEBE214035C0001E164B /* AccountsListController.swift */; };
		FED7AEC12140569E001E164B /* AddAccountController.swift in Sources */ = {isa = PBXBuildFile; fileRef = FED7AEC02140569E001E164B /* AddAccountController.swift */; };
		FED7AEC321415CB8001E164B /* AvatarManager.swift in Sources */ = {isa = PBXBuildFile; fileRef = FED7AEC221415CB8001E164B /* AvatarManager.swift */; };
		FED7AEC521417328001E164B /* AvatarStore.swift in Sources */ = {isa = PBXBuildFile; fileRef = FED7AEC421417328001E164B /* AvatarStore.swift */; };
		FED7AEC721418B83001E164B /* VCardManager.swift in Sources */ = {isa = PBXBuildFile; fileRef = FED7AEC621418B83001E164B /* VCardManager.swift */; };
		FED7AEC921418FA9001E164B /* DBVCardStore.swift in Sources */ = {isa = PBXBuildFile; fileRef = FED7AEC821418FA9001E164B /* DBVCardStore.swift */; };
		FEDCCA3D22F48C8300CC5C2C /* NetworkSettingsController.swift in Sources */ = {isa = PBXBuildFile; fileRef = FEDCCA3C22F48C8300CC5C2C /* NetworkSettingsController.swift */; };
		FEDE6AF32142DC590019170A /* AvatarViewWithStatus.swift in Sources */ = {isa = PBXBuildFile; fileRef = FEDE6AF22142DC590019170A /* AvatarViewWithStatus.swift */; };
		FEDE6AF52143D8130019170A /* ChatsListTableRowView.swift in Sources */ = {isa = PBXBuildFile; fileRef = FEDE6AF42143D8130019170A /* ChatsListTableRowView.swift */; };
		FEDE6AF921440AEF0019170A /* StatusHelper.swift in Sources */ = {isa = PBXBuildFile; fileRef = FEDE6AF821440AEF0019170A /* StatusHelper.swift */; };
		FEDE6AFC21455A2B0019170A /* RosterViewController.swift in Sources */ = {isa = PBXBuildFile; fileRef = FEDE6AFB21455A2B0019170A /* RosterViewController.swift */; };
		FEEF25322264A80500202B28 /* OMEMOController.swift in Sources */ = {isa = PBXBuildFile; fileRef = FEEF25312264A80500202B28 /* OMEMOController.swift */; };
		FEEF25362266303A00202B28 /* OMEMOIdentititesTableView.swift in Sources */ = {isa = PBXBuildFile; fileRef = FEEF25352266303A00202B28 /* OMEMOIdentititesTableView.swift */; };
		FEEF25392266528E00202B28 /* ContactDetailsViewController.swift in Sources */ = {isa = PBXBuildFile; fileRef = FEEF25382266528E00202B28 /* ContactDetailsViewController.swift */; };
		FEF5C3D92260893800889863 /* TigaseSwiftOMEMO.framework in Frameworks */ = {isa = PBXBuildFile; fileRef = FEF5C3D82260893800889863 /* TigaseSwiftOMEMO.framework */; };
		FEF5C3DA2260893800889863 /* TigaseSwiftOMEMO.framework in Embed Frameworks */ = {isa = PBXBuildFile; fileRef = FEF5C3D82260893800889863 /* TigaseSwiftOMEMO.framework */; settings = {ATTRIBUTES = (CodeSignOnCopy, RemoveHeadersOnCopy, ); }; };
		FEF5C3FA22632C0000889863 /* OpenSSL_AES_GCM_Engine.swift in Sources */ = {isa = PBXBuildFile; fileRef = FEF5C3F922632C0000889863 /* OpenSSL_AES_GCM_Engine.swift */; };
		FEF5C3FF22632CDE00889863 /* openssl.framework in Frameworks */ = {isa = PBXBuildFile; fileRef = FEF5C3FE22632CDE00889863 /* openssl.framework */; };
		FEF5C40022632CDE00889863 /* openssl.framework in Embed Frameworks */ = {isa = PBXBuildFile; fileRef = FEF5C3FE22632CDE00889863 /* openssl.framework */; settings = {ATTRIBUTES = (CodeSignOnCopy, RemoveHeadersOnCopy, ); }; };
		FEF844742173B9DC0067B005 /* Markdown.swift in Sources */ = {isa = PBXBuildFile; fileRef = FEF844732173B9DC0067B005 /* Markdown.swift */; };
		FEF8BED2216A6761001DA755 /* InviteToGroupchatController.swift in Sources */ = {isa = PBXBuildFile; fileRef = FEF8BED1216A6761001DA755 /* InviteToGroupchatController.swift */; };
		FEF9CE1D2082765000B09B6C /* db-schema-1.sql in Resources */ = {isa = PBXBuildFile; fileRef = FEF9CE1C2082765000B09B6C /* db-schema-1.sql */; };
		FEF9CE2220827F0000B09B6C /* libsqlite3.0.tbd in Frameworks */ = {isa = PBXBuildFile; fileRef = FEF9CE2120827F0000B09B6C /* libsqlite3.0.tbd */; };
		FEF9D12B2082804E00B09B6C /* TigaseSwift.framework in Frameworks */ = {isa = PBXBuildFile; fileRef = FEF9D12A2082804E00B09B6C /* TigaseSwift.framework */; settings = {ATTRIBUTES = (Required, ); }; };
		FEFFF7CD232FCF25004CB9CE /* ConversationDetails.storyboard in Resources */ = {isa = PBXBuildFile; fileRef = FEFFF7CC232FCF25004CB9CE /* ConversationDetails.storyboard */; };
		FEFFF7CF23313B52004CB9CE /* db-schema-5.sql in Resources */ = {isa = PBXBuildFile; fileRef = FEFFF7CE23313B52004CB9CE /* db-schema-5.sql */; };
		FEFFF7D12334E71B004CB9CE /* ChatMessageSystemCellView.swift in Sources */ = {isa = PBXBuildFile; fileRef = FEFFF7D02334E71B004CB9CE /* ChatMessageSystemCellView.swift */; };
/* End PBXBuildFile section */

/* Begin PBXContainerItemProxy section */
		FED2ED032066B01C00F506A5 /* PBXContainerItemProxy */ = {
			isa = PBXContainerItemProxy;
			containerPortal = FED2ECE82066B01C00F506A5 /* Project object */;
			proxyType = 1;
			remoteGlobalIDString = FED2ECEF2066B01C00F506A5;
			remoteInfo = BeagleIM;
		};
		FED2ED0E2066B01C00F506A5 /* PBXContainerItemProxy */ = {
			isa = PBXContainerItemProxy;
			containerPortal = FED2ECE82066B01C00F506A5 /* Project object */;
			proxyType = 1;
			remoteGlobalIDString = FED2ECEF2066B01C00F506A5;
			remoteInfo = BeagleIM;
		};
/* End PBXContainerItemProxy section */

/* Begin PBXCopyFilesBuildPhase section */
		FE4E8DE22160E7AA0010D88E /* Embed Frameworks */ = {
			isa = PBXCopyFilesBuildPhase;
			buildActionMask = 12;
			dstPath = "";
			dstSubfolderSpec = 10;
			files = (
				FEF5C40022632CDE00889863 /* openssl.framework in Embed Frameworks */,
				FEF5C3DA2260893800889863 /* TigaseSwiftOMEMO.framework in Embed Frameworks */,
				FE4E8DE12160E7AA0010D88E /* TigaseSwift.framework in Embed Frameworks */,
				FE1678EF22FC92970013B94A /* WebRTC.framework in Embed Frameworks */,
			);
			name = "Embed Frameworks";
			runOnlyForDeploymentPostprocessing = 0;
		};
/* End PBXCopyFilesBuildPhase section */

/* Begin PBXFileReference section */
		FE02DD10225B8D1100FA08EB /* db-schema-3.sql */ = {isa = PBXFileReference; lastKnownFileType = text; path = "db-schema-3.sql"; sourceTree = "<group>"; };
		FE02DD12225BC33F00FA08EB /* DBOMEMOStore.swift */ = {isa = PBXFileReference; lastKnownFileType = sourcecode.swift; path = DBOMEMOStore.swift; sourceTree = "<group>"; };
		FE137A4521F5FE05006B7F7C /* ShowMainWindowSegue.swift */ = {isa = PBXFileReference; lastKnownFileType = sourcecode.swift; path = ShowMainWindowSegue.swift; sourceTree = "<group>"; };
		FE149D8122A5120300EE4E03 /* SearchHistory.storyboard */ = {isa = PBXFileReference; lastKnownFileType = file.storyboard; path = SearchHistory.storyboard; sourceTree = "<group>"; };
		FE149D8422A515C900EE4E03 /* SearchHistoryController.swift */ = {isa = PBXFileReference; lastKnownFileType = sourcecode.swift; path = SearchHistoryController.swift; sourceTree = "<group>"; };
		FE149D8622A51AD900EE4E03 /* db-schema-4.sql */ = {isa = PBXFileReference; lastKnownFileType = text; path = "db-schema-4.sql"; sourceTree = "<group>"; };
		FE1678ED22FC92970013B94A /* WebRTC.framework */ = {isa = PBXFileReference; lastKnownFileType = wrapper.framework; path = WebRTC.framework; sourceTree = "<group>"; };
		FE1A8BA221C96C1B00604141 /* RoundButton.swift */ = {isa = PBXFileReference; lastKnownFileType = sourcecode.swift; path = RoundButton.swift; sourceTree = "<group>"; };
		FE1A8BA521CA88E300604141 /* JingleManager_Session.swift */ = {isa = PBXFileReference; lastKnownFileType = sourcecode.swift; path = JingleManager_Session.swift; sourceTree = "<group>"; };
		FE28097C21652A7C002F5BD0 /* VCardEditorViewController.swift */ = {isa = PBXFileReference; lastKnownFileType = sourcecode.swift; path = VCardEditorViewController.swift; sourceTree = "<group>"; };
		FE28097E2166892D002F5BD0 /* AccountDetailsViewController.swift */ = {isa = PBXFileReference; lastKnownFileType = sourcecode.swift; path = AccountDetailsViewController.swift; sourceTree = "<group>"; };
		FE2809842169FB74002F5BD0 /* Alert.swift */ = {isa = PBXFileReference; lastKnownFileType = sourcecode.swift; path = Alert.swift; sourceTree = "<group>"; };
		FE30D8AC214C2D7100670BEC /* RosterViewController_ContextMenu.swift */ = {isa = PBXFileReference; lastKnownFileType = sourcecode.swift; path = RosterViewController_ContextMenu.swift; sourceTree = "<group>"; };
		FE30D8AE214C3B7600670BEC /* NSImage.swift */ = {isa = PBXFileReference; lastKnownFileType = sourcecode.swift; path = NSImage.swift; sourceTree = "<group>"; };
		FE30D8B0214CE93600670BEC /* FormView.swift */ = {isa = PBXFileReference; lastKnownFileType = sourcecode.swift; path = FormView.swift; sourceTree = "<group>"; };
		FE30D8B2214CF15700670BEC /* AddContactController.swift */ = {isa = PBXFileReference; lastKnownFileType = sourcecode.swift; path = AddContactController.swift; sourceTree = "<group>"; };
		FE30D8B4214D39A700670BEC /* GeneralSettingsController.swift */ = {isa = PBXFileReference; lastKnownFileType = sourcecode.swift; path = GeneralSettingsController.swift; sourceTree = "<group>"; };
		FE30D8B6214D4BCD00670BEC /* Settings.swift */ = {isa = PBXFileReference; lastKnownFileType = sourcecode.swift; path = Settings.swift; sourceTree = "<group>"; };
		FE30D8B9214ED28A00670BEC /* OpenGroupchatController.swift */ = {isa = PBXFileReference; lastKnownFileType = sourcecode.swift; path = OpenGroupchatController.swift; sourceTree = "<group>"; };
		FE34BBD02157901100775B07 /* JabberDataFormView.swift */ = {isa = PBXFileReference; lastKnownFileType = sourcecode.swift; path = JabberDataFormView.swift; sourceTree = "<group>"; };
		FE34BBD42157DDF200775B07 /* MucModule_RoomError_extension.swift */ = {isa = PBXFileReference; lastKnownFileType = sourcecode.swift; path = MucModule_RoomError_extension.swift; sourceTree = "<group>"; };
		FE380AD921B15720008717FA /* DownloadCache.swift */ = {isa = PBXFileReference; lastKnownFileType = sourcecode.swift; path = DownloadCache.swift; sourceTree = "<group>"; };
		FE3AA0C82154062F001667A9 /* ChatsListGroupProtocol.swift */ = {isa = PBXFileReference; lastKnownFileType = sourcecode.swift; path = ChatsListGroupProtocol.swift; sourceTree = "<group>"; };
		FE3AA0CA21540669001667A9 /* ChatItemProtocol.swift */ = {isa = PBXFileReference; lastKnownFileType = sourcecode.swift; path = ChatItemProtocol.swift; sourceTree = "<group>"; };
		FE3AA0CC2154069D001667A9 /* ChatsListGroupGroupchat.swift */ = {isa = PBXFileReference; lastKnownFileType = sourcecode.swift; path = ChatsListGroupGroupchat.swift; sourceTree = "<group>"; };
		FE3AA0CE215406D1001667A9 /* ChatsListGroupChat.swift */ = {isa = PBXFileReference; lastKnownFileType = sourcecode.swift; path = ChatsListGroupChat.swift; sourceTree = "<group>"; };
		FE3AA0D02154077D001667A9 /* ChatsListGroupAbstractChat.swift */ = {isa = PBXFileReference; lastKnownFileType = sourcecode.swift; path = ChatsListGroupAbstractChat.swift; sourceTree = "<group>"; };
		FE3AA0D2215409B8001667A9 /* DBRoomsManager.swift */ = {isa = PBXFileReference; lastKnownFileType = sourcecode.swift; path = DBRoomsManager.swift; sourceTree = "<group>"; };
		FE3F2AF1228813E200737D51 /* EmptyViewController.swift */ = {isa = PBXFileReference; lastKnownFileType = sourcecode.swift; path = EmptyViewController.swift; sourceTree = "<group>"; };
		FE4073A621BACA2D009CE335 /* VoIP.storyboard */ = {isa = PBXFileReference; lastKnownFileType = file.storyboard; path = VoIP.storyboard; sourceTree = "<group>"; };
		FE4073A821BACC50009CE335 /* VideoCallController.swift */ = {isa = PBXFileReference; lastKnownFileType = sourcecode.swift; path = VideoCallController.swift; sourceTree = "<group>"; };
		FE41FB2E215A822700AD86D3 /* ManageAffiliationsViewController.swift */ = {isa = PBXFileReference; lastKnownFileType = sourcecode.swift; path = ManageAffiliationsViewController.swift; sourceTree = "<group>"; };
		FE41FB30215AB32200AD86D3 /* ServerCertificateInfo.swift */ = {isa = PBXFileReference; lastKnownFileType = sourcecode.swift; path = ServerCertificateInfo.swift; sourceTree = "<group>"; };
		FE41FB32215B8D5A00AD86D3 /* ServerCertificateErrorController.swift */ = {isa = PBXFileReference; lastKnownFileType = sourcecode.swift; path = ServerCertificateErrorController.swift; sourceTree = "<group>"; };
		FE41FB36215BBFC800AD86D3 /* DBCapabilitiesCache.swift */ = {isa = PBXFileReference; lastKnownFileType = sourcecode.swift; path = DBCapabilitiesCache.swift; sourceTree = "<group>"; };
		FE41FB38215CD51700AD86D3 /* MucEventHandler.swift */ = {isa = PBXFileReference; lastKnownFileType = sourcecode.swift; path = MucEventHandler.swift; sourceTree = "<group>"; };
		FE41FB3A215CD7F300AD86D3 /* XmppServiceEventHandler.swift */ = {isa = PBXFileReference; lastKnownFileType = sourcecode.swift; path = XmppServiceEventHandler.swift; sourceTree = "<group>"; };
		FE41FB3C215CD82500AD86D3 /* PresenceRosterEventHandler.swift */ = {isa = PBXFileReference; lastKnownFileType = sourcecode.swift; path = PresenceRosterEventHandler.swift; sourceTree = "<group>"; };
		FE41FB3E215CD95D00AD86D3 /* AvatarEventHandler.swift */ = {isa = PBXFileReference; lastKnownFileType = sourcecode.swift; path = AvatarEventHandler.swift; sourceTree = "<group>"; };
		FE41FB40215CDA6000AD86D3 /* MessageEventHandler.swift */ = {isa = PBXFileReference; lastKnownFileType = sourcecode.swift; path = MessageEventHandler.swift; sourceTree = "<group>"; };
		FE41FB42215CDAF900AD86D3 /* XMPPClient_extension.swift */ = {isa = PBXFileReference; lastKnownFileType = sourcecode.swift; path = XMPPClient_extension.swift; sourceTree = "<group>"; };
		FE41FB44215E426400AD86D3 /* MessageArchivingSetttingsViewController.swift */ = {isa = PBXFileReference; lastKnownFileType = sourcecode.swift; path = MessageArchivingSetttingsViewController.swift; sourceTree = "<group>"; };
		FE421B4621C928B00022DF77 /* Credits.rtf */ = {isa = PBXFileReference; lastKnownFileType = text.rtf; path = Credits.rtf; sourceTree = "<group>"; };
		FE421B4821C92FBF0022DF77 /* LICENSE */ = {isa = PBXFileReference; lastKnownFileType = text; path = LICENSE; sourceTree = "<group>"; };
		FE4D2131221F2A6E0058B662 /* db-schema-2.sql */ = {isa = PBXFileReference; lastKnownFileType = text; path = "db-schema-2.sql"; sourceTree = "<group>"; };
		FE4D21372223FEE70058B662 /* PEPBookmarksModule_extension.swift */ = {isa = PBXFileReference; lastKnownFileType = sourcecode.swift; path = PEPBookmarksModule_extension.swift; sourceTree = "<group>"; };
		FE4E8DD9215EA4860010D88E /* HttpFileUploadEventHandler.swift */ = {isa = PBXFileReference; lastKnownFileType = sourcecode.swift; path = HttpFileUploadEventHandler.swift; sourceTree = "<group>"; };
		FE4E8DDB215F72130010D88E /* AbstractChatView_ShareExtension.swift */ = {isa = PBXFileReference; lastKnownFileType = sourcecode.swift; path = AbstractChatView_ShareExtension.swift; sourceTree = "<group>"; };
		FE5202D4227F330E00644C12 /* ChatMessageContinuationCellView.swift */ = {isa = PBXFileReference; lastKnownFileType = sourcecode.swift; path = ChatMessageContinuationCellView.swift; sourceTree = "<group>"; };
		FE5202D6227F339D00644C12 /* BaseChatMessageCellView.swift */ = {isa = PBXFileReference; lastKnownFileType = sourcecode.swift; path = BaseChatMessageCellView.swift; sourceTree = "<group>"; };
		FE5BE64B213AC3EA00463183 /* ChatsCellViewCloseButton.swift */ = {isa = PBXFileReference; lastKnownFileType = sourcecode.swift; path = ChatsCellViewCloseButton.swift; sourceTree = "<group>"; };
		FE5BE64D213AD19A00463183 /* ChatCellViewMessage.swift */ = {isa = PBXFileReference; lastKnownFileType = sourcecode.swift; path = ChatCellViewMessage.swift; sourceTree = "<group>"; };
		FE5C6B2322896B12003DAB30 /* ServiceDiscovery.storyboard */ = {isa = PBXFileReference; lastKnownFileType = file.storyboard; path = ServiceDiscovery.storyboard; sourceTree = "<group>"; };
		FE5C6B2622897F1B003DAB30 /* ServiceDiscoveryViewController.swift */ = {isa = PBXFileReference; lastKnownFileType = sourcecode.swift; path = ServiceDiscoveryViewController.swift; sourceTree = "<group>"; };
		FE5C6B28228B34B9003DAB30 /* SelectAdHocCommandController.swift */ = {isa = PBXFileReference; lastKnownFileType = sourcecode.swift; path = SelectAdHocCommandController.swift; sourceTree = "<group>"; };
		FE5C6B2A228C119A003DAB30 /* ExecuteAdHocCommandController.swift */ = {isa = PBXFileReference; lastKnownFileType = sourcecode.swift; path = ExecuteAdHocCommandController.swift; sourceTree = "<group>"; };
		FE5C6B2C22916C47003DAB30 /* JoinGroupchatViewController.swift */ = {isa = PBXFileReference; lastKnownFileType = sourcecode.swift; path = JoinGroupchatViewController.swift; sourceTree = "<group>"; };
		FE5CAF972215BCD600FABD46 /* ScriptsManager.swift */ = {isa = PBXFileReference; lastKnownFileType = sourcecode.swift; path = ScriptsManager.swift; sourceTree = "<group>"; };
		FE5CAF992216EEF200FABD46 /* NSPopupButtonNoSizeWhenHidden.swift */ = {isa = PBXFileReference; lastKnownFileType = sourcecode.swift; path = NSPopupButtonNoSizeWhenHidden.swift; sourceTree = "<group>"; };
		FE65A282230314D9001E68EF /* SettingsTabViewController.swift */ = {isa = PBXFileReference; lastKnownFileType = sourcecode.swift; path = SettingsTabViewController.swift; sourceTree = "<group>"; };
		FE6E6BE221384D5E003B1696 /* AutoresizingTextField.swift */ = {isa = PBXFileReference; fileEncoding = 4; lastKnownFileType = sourcecode.swift; path = AutoresizingTextField.swift; sourceTree = "<group>"; };
		FE6E6BE321384D5E003B1696 /* ViewController.swift */ = {isa = PBXFileReference; fileEncoding = 4; lastKnownFileType = sourcecode.swift; path = ViewController.swift; sourceTree = "<group>"; };
		FE6E6BE421384D5E003B1696 /* AvatarView.swift */ = {isa = PBXFileReference; fileEncoding = 4; lastKnownFileType = sourcecode.swift; path = AvatarView.swift; sourceTree = "<group>"; };
		FE6E6BE621384D5E003B1696 /* AccountManager.swift */ = {isa = PBXFileReference; fileEncoding = 4; lastKnownFileType = sourcecode.swift; path = AccountManager.swift; sourceTree = "<group>"; };
		FE6E6BE821384D5E003B1696 /* XmppService.swift */ = {isa = PBXFileReference; fileEncoding = 4; lastKnownFileType = sourcecode.swift; path = XmppService.swift; sourceTree = "<group>"; };
		FE6E6BEA21384D5E003B1696 /* OutlineGroupItemButton.swift */ = {isa = PBXFileReference; fileEncoding = 4; lastKnownFileType = sourcecode.swift; path = OutlineGroupItemButton.swift; sourceTree = "<group>"; };
		FE6E6BEB21384D5E003B1696 /* Open1On1ChatController.swift */ = {isa = PBXFileReference; fileEncoding = 4; lastKnownFileType = sourcecode.swift; path = Open1On1ChatController.swift; sourceTree = "<group>"; };
		FE6E6BEC21384D5E003B1696 /* ChatMessageCellView.swift */ = {isa = PBXFileReference; fileEncoding = 4; lastKnownFileType = sourcecode.swift; path = ChatMessageCellView.swift; sourceTree = "<group>"; };
		FE6E6BED21384D5E003B1696 /* ChatViewController.swift */ = {isa = PBXFileReference; fileEncoding = 4; lastKnownFileType = sourcecode.swift; path = ChatViewController.swift; sourceTree = "<group>"; };
		FE6E6BEF21384D5E003B1696 /* ChatsListView.swift */ = {isa = PBXFileReference; fileEncoding = 4; lastKnownFileType = sourcecode.swift; path = ChatsListView.swift; sourceTree = "<group>"; };
		FE6E6BF021384D5E003B1696 /* ChatsWindowController.swift */ = {isa = PBXFileReference; fileEncoding = 4; lastKnownFileType = sourcecode.swift; path = ChatsWindowController.swift; sourceTree = "<group>"; };
		FE6E6BF221384D5E003B1696 /* DBChatHistoryStore.swift */ = {isa = PBXFileReference; fileEncoding = 4; lastKnownFileType = sourcecode.swift; path = DBChatHistoryStore.swift; sourceTree = "<group>"; };
		FE6E6BF321384D5E003B1696 /* DBRosterStore.swift */ = {isa = PBXFileReference; fileEncoding = 4; lastKnownFileType = sourcecode.swift; path = DBRosterStore.swift; sourceTree = "<group>"; };
		FE6E6BF421384D5E003B1696 /* DatabaseSchemaManager.swift */ = {isa = PBXFileReference; fileEncoding = 4; lastKnownFileType = sourcecode.swift; path = DatabaseSchemaManager.swift; sourceTree = "<group>"; };
		FE6E6BF521384D5E003B1696 /* DBChatStore.swift */ = {isa = PBXFileReference; fileEncoding = 4; lastKnownFileType = sourcecode.swift; path = DBChatStore.swift; sourceTree = "<group>"; };
		FE6E6BF621384D5E003B1696 /* Database.swift */ = {isa = PBXFileReference; fileEncoding = 4; lastKnownFileType = sourcecode.swift; path = Database.swift; sourceTree = "<group>"; };
		FE6E6C0721384DF1003B1696 /* ChatCellView.swift */ = {isa = PBXFileReference; lastKnownFileType = sourcecode.swift; path = ChatCellView.swift; sourceTree = "<group>"; };
		FE83E362217A3809001DEF09 /* JingleManager.swift */ = {isa = PBXFileReference; lastKnownFileType = sourcecode.swift; path = JingleManager.swift; sourceTree = "<group>"; };
		FE83E364217B0F89001DEF09 /* AVFoundation.framework */ = {isa = PBXFileReference; lastKnownFileType = wrapper.framework; name = AVFoundation.framework; path = System/Library/Frameworks/AVFoundation.framework; sourceTree = SDKROOT; };
		FE87C76B2283487300B0B64C /* XMLConsole.storyboard */ = {isa = PBXFileReference; lastKnownFileType = file.storyboard; path = XMLConsole.storyboard; sourceTree = "<group>"; };
		FE87C76E22834E0B00B0B64C /* XMLConsoleViewController.swift */ = {isa = PBXFileReference; lastKnownFileType = sourcecode.swift; path = XMLConsoleViewController.swift; sourceTree = "<group>"; };
		FE87C7742285736200B0B64C /* XMLEntryViewController.swift */ = {isa = PBXFileReference; lastKnownFileType = sourcecode.swift; path = XMLEntryViewController.swift; sourceTree = "<group>"; };
		FE8C9F5321B3F6BD00BE8332 /* container-migration.plist */ = {isa = PBXFileReference; lastKnownFileType = text.plist.xml; path = "container-migration.plist"; sourceTree = "<group>"; };
		FE8C9F5521B40F9000BE8332 /* RegisterAccountController.swift */ = {isa = PBXFileReference; lastKnownFileType = sourcecode.swift; path = RegisterAccountController.swift; sourceTree = "<group>"; };
		FE9486B121BBD7A600C8DE49 /* NSButtonNoSizeWhenHidden.swift */ = {isa = PBXFileReference; lastKnownFileType = sourcecode.swift; path = NSButtonNoSizeWhenHidden.swift; sourceTree = "<group>"; };
		FE988C18232C0A0C002D85AF /* ChangePasswordController.swift */ = {isa = PBXFileReference; lastKnownFileType = sourcecode.swift; path = ChangePasswordController.swift; sourceTree = "<group>"; };
		FE9CDF0C2269E282001039C3 /* MessageEncryption.swift */ = {isa = PBXFileReference; lastKnownFileType = sourcecode.swift; path = MessageEncryption.swift; sourceTree = "<group>"; };
		FE9D88B3217652DF006CF0D9 /* BeagleIM-Bridging-Header.h */ = {isa = PBXFileReference; lastKnownFileType = sourcecode.c.h; path = "BeagleIM-Bridging-Header.h"; sourceTree = "<group>"; };
		FEA2F53422E46A2E009F2E88 /* ShowRosterWindowSegue.swift */ = {isa = PBXFileReference; lastKnownFileType = sourcecode.swift; path = ShowRosterWindowSegue.swift; sourceTree = "<group>"; };
		FEA2F53622E5F6A2009F2E88 /* AdvancedSettingsController.swift */ = {isa = PBXFileReference; lastKnownFileType = sourcecode.swift; path = AdvancedSettingsController.swift; sourceTree = "<group>"; };
		FEA8941E2156625E004C3B51 /* ConfigureRoomViewController.swift */ = {isa = PBXFileReference; lastKnownFileType = sourcecode.swift; path = ConfigureRoomViewController.swift; sourceTree = "<group>"; };
		FEB4EAFB2162A3DC00F8A9E2 /* AutoresizineTextView.swift */ = {isa = PBXFileReference; lastKnownFileType = sourcecode.swift; path = AutoresizineTextView.swift; sourceTree = "<group>"; };
		FEB4EAFD2163714300F8A9E2 /* RoundedScrollView.swift */ = {isa = PBXFileReference; lastKnownFileType = sourcecode.swift; path = RoundedScrollView.swift; sourceTree = "<group>"; };
		FEC5DC7D21552A3300AA3E4F /* ChatViewDataSourceDelegate.swift */ = {isa = PBXFileReference; lastKnownFileType = sourcecode.swift; path = ChatViewDataSourceDelegate.swift; sourceTree = "<group>"; };
		FEC5DC7F21552A9B00AA3E4F /* ChatViewDataSource.swift */ = {isa = PBXFileReference; lastKnownFileType = sourcecode.swift; path = ChatViewDataSource.swift; sourceTree = "<group>"; };
		FEC5DC8121552D8300AA3E4F /* ChatViewItemProtocol.swift */ = {isa = PBXFileReference; lastKnownFileType = sourcecode.swift; path = ChatViewItemProtocol.swift; sourceTree = "<group>"; };
		FEC5DC8321553A7500AA3E4F /* AbstractChatViewController.swift */ = {isa = PBXFileReference; lastKnownFileType = sourcecode.swift; path = AbstractChatViewController.swift; sourceTree = "<group>"; };
		FEC5DC8521553F4700AA3E4F /* GroupchatViewController.swift */ = {isa = PBXFileReference; lastKnownFileType = sourcecode.swift; path = GroupchatViewController.swift; sourceTree = "<group>"; };
		FEC661F721AABFB0004FDE1E /* NSViewWithTextBackground.swift */ = {isa = PBXFileReference; lastKnownFileType = sourcecode.swift; path = NSViewWithTextBackground.swift; sourceTree = "<group>"; };
		FED2ECF02066B01C00F506A5 /* BeagleIM.app */ = {isa = PBXFileReference; explicitFileType = wrapper.application; includeInIndex = 0; path = BeagleIM.app; sourceTree = BUILT_PRODUCTS_DIR; };
		FED2ECF32066B01C00F506A5 /* AppDelegate.swift */ = {isa = PBXFileReference; lastKnownFileType = sourcecode.swift; path = AppDelegate.swift; sourceTree = "<group>"; };
		FED2ECF72066B01C00F506A5 /* Assets.xcassets */ = {isa = PBXFileReference; lastKnownFileType = folder.assetcatalog; path = Assets.xcassets; sourceTree = "<group>"; };
		FED2ECFA2066B01C00F506A5 /* Base */ = {isa = PBXFileReference; lastKnownFileType = file.storyboard; name = Base; path = Base.lproj/Main.storyboard; sourceTree = "<group>"; };
		FED2ECFC2066B01C00F506A5 /* Info.plist */ = {isa = PBXFileReference; lastKnownFileType = text.plist.xml; path = Info.plist; sourceTree = "<group>"; };
		FED2ECFD2066B01C00F506A5 /* BeagleIM.entitlements */ = {isa = PBXFileReference; lastKnownFileType = text.plist.entitlements; path = BeagleIM.entitlements; sourceTree = "<group>"; };
		FED2ED022066B01C00F506A5 /* BeagleIMTests.xctest */ = {isa = PBXFileReference; explicitFileType = wrapper.cfbundle; includeInIndex = 0; path = BeagleIMTests.xctest; sourceTree = BUILT_PRODUCTS_DIR; };
		FED2ED062066B01C00F506A5 /* BeagleIMTests.swift */ = {isa = PBXFileReference; lastKnownFileType = sourcecode.swift; path = BeagleIMTests.swift; sourceTree = "<group>"; };
		FED2ED082066B01C00F506A5 /* Info.plist */ = {isa = PBXFileReference; lastKnownFileType = text.plist.xml; path = Info.plist; sourceTree = "<group>"; };
		FED2ED0D2066B01C00F506A5 /* BeagleIMUITests.xctest */ = {isa = PBXFileReference; explicitFileType = wrapper.cfbundle; includeInIndex = 0; path = BeagleIMUITests.xctest; sourceTree = BUILT_PRODUCTS_DIR; };
		FED2ED112066B01C00F506A5 /* BeagleIMUITests.swift */ = {isa = PBXFileReference; lastKnownFileType = sourcecode.swift; path = BeagleIMUITests.swift; sourceTree = "<group>"; };
		FED2ED132066B01C00F506A5 /* Info.plist */ = {isa = PBXFileReference; lastKnownFileType = text.plist.xml; path = Info.plist; sourceTree = "<group>"; };
		FED7AEBE214035C0001E164B /* AccountsListController.swift */ = {isa = PBXFileReference; lastKnownFileType = sourcecode.swift; path = AccountsListController.swift; sourceTree = "<group>"; };
		FED7AEC02140569E001E164B /* AddAccountController.swift */ = {isa = PBXFileReference; lastKnownFileType = sourcecode.swift; path = AddAccountController.swift; sourceTree = "<group>"; };
		FED7AEC221415CB8001E164B /* AvatarManager.swift */ = {isa = PBXFileReference; lastKnownFileType = sourcecode.swift; path = AvatarManager.swift; sourceTree = "<group>"; };
		FED7AEC421417328001E164B /* AvatarStore.swift */ = {isa = PBXFileReference; lastKnownFileType = sourcecode.swift; path = AvatarStore.swift; sourceTree = "<group>"; };
		FED7AEC621418B83001E164B /* VCardManager.swift */ = {isa = PBXFileReference; lastKnownFileType = sourcecode.swift; path = VCardManager.swift; sourceTree = "<group>"; };
		FED7AEC821418FA9001E164B /* DBVCardStore.swift */ = {isa = PBXFileReference; lastKnownFileType = sourcecode.swift; path = DBVCardStore.swift; sourceTree = "<group>"; };
		FEDC03172257B2B400F24BF4 /* Settings.storyboard */ = {isa = PBXFileReference; lastKnownFileType = file.storyboard; path = Settings.storyboard; sourceTree = "<group>"; };
		FEDCCA3C22F48C8300CC5C2C /* NetworkSettingsController.swift */ = {isa = PBXFileReference; lastKnownFileType = sourcecode.swift; path = NetworkSettingsController.swift; sourceTree = "<group>"; };
		FEDE6AF22142DC590019170A /* AvatarViewWithStatus.swift */ = {isa = PBXFileReference; lastKnownFileType = sourcecode.swift; path = AvatarViewWithStatus.swift; sourceTree = "<group>"; };
		FEDE6AF42143D8130019170A /* ChatsListTableRowView.swift */ = {isa = PBXFileReference; lastKnownFileType = sourcecode.swift; path = ChatsListTableRowView.swift; sourceTree = "<group>"; };
		FEDE6AF821440AEF0019170A /* StatusHelper.swift */ = {isa = PBXFileReference; lastKnownFileType = sourcecode.swift; path = StatusHelper.swift; sourceTree = "<group>"; };
		FEDE6AFB21455A2B0019170A /* RosterViewController.swift */ = {isa = PBXFileReference; lastKnownFileType = sourcecode.swift; path = RosterViewController.swift; sourceTree = "<group>"; };
		FEEF25312264A80500202B28 /* OMEMOController.swift */ = {isa = PBXFileReference; lastKnownFileType = sourcecode.swift; path = OMEMOController.swift; sourceTree = "<group>"; };
		FEEF25352266303A00202B28 /* OMEMOIdentititesTableView.swift */ = {isa = PBXFileReference; lastKnownFileType = sourcecode.swift; path = OMEMOIdentititesTableView.swift; sourceTree = "<group>"; };
		FEEF25382266528E00202B28 /* ContactDetailsViewController.swift */ = {isa = PBXFileReference; lastKnownFileType = sourcecode.swift; path = ContactDetailsViewController.swift; sourceTree = "<group>"; };
		FEF5C3D82260893800889863 /* TigaseSwiftOMEMO.framework */ = {isa = PBXFileReference; explicitFileType = wrapper.framework; path = TigaseSwiftOMEMO.framework; sourceTree = BUILT_PRODUCTS_DIR; };
		FEF5C3F922632C0000889863 /* OpenSSL_AES_GCM_Engine.swift */ = {isa = PBXFileReference; fileEncoding = 4; lastKnownFileType = sourcecode.swift; path = OpenSSL_AES_GCM_Engine.swift; sourceTree = "<group>"; };
		FEF5C3FE22632CDE00889863 /* openssl.framework */ = {isa = PBXFileReference; explicitFileType = wrapper.framework; path = openssl.framework; sourceTree = BUILT_PRODUCTS_DIR; };
		FEF844732173B9DC0067B005 /* Markdown.swift */ = {isa = PBXFileReference; lastKnownFileType = sourcecode.swift; path = Markdown.swift; sourceTree = "<group>"; };
		FEF8BED1216A6761001DA755 /* InviteToGroupchatController.swift */ = {isa = PBXFileReference; lastKnownFileType = sourcecode.swift; path = InviteToGroupchatController.swift; sourceTree = "<group>"; };
		FEF9CE1C2082765000B09B6C /* db-schema-1.sql */ = {isa = PBXFileReference; lastKnownFileType = text; path = "db-schema-1.sql"; sourceTree = "<group>"; };
		FEF9CE2120827F0000B09B6C /* libsqlite3.0.tbd */ = {isa = PBXFileReference; lastKnownFileType = "sourcecode.text-based-dylib-definition"; name = libsqlite3.0.tbd; path = usr/lib/libsqlite3.0.tbd; sourceTree = SDKROOT; };
		FEF9D12A2082804E00B09B6C /* TigaseSwift.framework */ = {isa = PBXFileReference; explicitFileType = wrapper.framework; path = TigaseSwift.framework; sourceTree = BUILT_PRODUCTS_DIR; };
		FEF9D12C2082808C00B09B6C /* libxml2.tbd */ = {isa = PBXFileReference; lastKnownFileType = "sourcecode.text-based-dylib-definition"; name = libxml2.tbd; path = usr/lib/libxml2.tbd; sourceTree = SDKROOT; };
		FEFFF7CC232FCF25004CB9CE /* ConversationDetails.storyboard */ = {isa = PBXFileReference; lastKnownFileType = file.storyboard; path = ConversationDetails.storyboard; sourceTree = "<group>"; };
		FEFFF7CE23313B52004CB9CE /* db-schema-5.sql */ = {isa = PBXFileReference; lastKnownFileType = text; path = "db-schema-5.sql"; sourceTree = "<group>"; };
		FEFFF7D02334E71B004CB9CE /* ChatMessageSystemCellView.swift */ = {isa = PBXFileReference; lastKnownFileType = sourcecode.swift; path = ChatMessageSystemCellView.swift; sourceTree = "<group>"; };
/* End PBXFileReference section */

/* Begin PBXFrameworksBuildPhase section */
		FED2ECED2066B01C00F506A5 /* Frameworks */ = {
			isa = PBXFrameworksBuildPhase;
			buildActionMask = 2147483647;
			files = (
				FEF5C3FF22632CDE00889863 /* openssl.framework in Frameworks */,
				FE83E365217B0F89001DEF09 /* AVFoundation.framework in Frameworks */,
				FEF5C3D92260893800889863 /* TigaseSwiftOMEMO.framework in Frameworks */,
				FEF9D12B2082804E00B09B6C /* TigaseSwift.framework in Frameworks */,
				FEF9CE2220827F0000B09B6C /* libsqlite3.0.tbd in Frameworks */,
				FE1678EE22FC92970013B94A /* WebRTC.framework in Frameworks */,
			);
			runOnlyForDeploymentPostprocessing = 0;
		};
		FED2ECFF2066B01C00F506A5 /* Frameworks */ = {
			isa = PBXFrameworksBuildPhase;
			buildActionMask = 2147483647;
			files = (
			);
			runOnlyForDeploymentPostprocessing = 0;
		};
		FED2ED0A2066B01C00F506A5 /* Frameworks */ = {
			isa = PBXFrameworksBuildPhase;
			buildActionMask = 2147483647;
			files = (
			);
			runOnlyForDeploymentPostprocessing = 0;
		};
/* End PBXFrameworksBuildPhase section */

/* Begin PBXGroup section */
		FE149D8322A515B900EE4E03 /* historysearch */ = {
			isa = PBXGroup;
			children = (
				FE149D8422A515C900EE4E03 /* SearchHistoryController.swift */,
			);
			path = historysearch;
			sourceTree = "<group>";
		};
		FE1A8BA421CA880100604141 /* voip */ = {
			isa = PBXGroup;
			children = (
				FE83E362217A3809001DEF09 /* JingleManager.swift */,
				FE4073A821BACC50009CE335 /* VideoCallController.swift */,
				FE1A8BA521CA88E300604141 /* JingleManager_Session.swift */,
			);
			path = voip;
			sourceTree = "<group>";
		};
		FE30D8B8214ED1DE00670BEC /* groupchat */ = {
			isa = PBXGroup;
			children = (
				FE30D8B9214ED28A00670BEC /* OpenGroupchatController.swift */,
				FEC5DC8521553F4700AA3E4F /* GroupchatViewController.swift */,
				FEA8941E2156625E004C3B51 /* ConfigureRoomViewController.swift */,
				FE41FB2E215A822700AD86D3 /* ManageAffiliationsViewController.swift */,
				FEF8BED1216A6761001DA755 /* InviteToGroupchatController.swift */,
			);
			path = groupchat;
			sourceTree = "<group>";
		};
		FE3AA0C721540618001667A9 /* groups */ = {
			isa = PBXGroup;
			children = (
				FE3AA0C82154062F001667A9 /* ChatsListGroupProtocol.swift */,
				FE3AA0CC2154069D001667A9 /* ChatsListGroupGroupchat.swift */,
				FE3AA0CE215406D1001667A9 /* ChatsListGroupChat.swift */,
				FE3AA0D02154077D001667A9 /* ChatsListGroupAbstractChat.swift */,
			);
			path = groups;
			sourceTree = "<group>";
		};
		FE5C6B2522897F0C003DAB30 /* servicedisco */ = {
			isa = PBXGroup;
			children = (
				FE5C6B2622897F1B003DAB30 /* ServiceDiscoveryViewController.swift */,
				FE5C6B28228B34B9003DAB30 /* SelectAdHocCommandController.swift */,
				FE5C6B2A228C119A003DAB30 /* ExecuteAdHocCommandController.swift */,
				FE5C6B2C22916C47003DAB30 /* JoinGroupchatViewController.swift */,
			);
			path = servicedisco;
			sourceTree = "<group>";
		};
		FE6E6BE121384D5E003B1696 /* ui */ = {
			isa = PBXGroup;
			children = (
				FE6E6BE221384D5E003B1696 /* AutoresizingTextField.swift */,
				FE6E6BE321384D5E003B1696 /* ViewController.swift */,
				FE6E6BE421384D5E003B1696 /* AvatarView.swift */,
				FE5BE64B213AC3EA00463183 /* ChatsCellViewCloseButton.swift */,
				FE5BE64D213AD19A00463183 /* ChatCellViewMessage.swift */,
				FEDE6AF22142DC590019170A /* AvatarViewWithStatus.swift */,
				FE30D8AE214C3B7600670BEC /* NSImage.swift */,
				FE30D8B0214CE93600670BEC /* FormView.swift */,
				FE34BBD02157901100775B07 /* JabberDataFormView.swift */,
				FEB4EAFB2162A3DC00F8A9E2 /* AutoresizineTextView.swift */,
				FEB4EAFD2163714300F8A9E2 /* RoundedScrollView.swift */,
				FE2809842169FB74002F5BD0 /* Alert.swift */,
				FEF844732173B9DC0067B005 /* Markdown.swift */,
				FEC661F721AABFB0004FDE1E /* NSViewWithTextBackground.swift */,
				FE9486B121BBD7A600C8DE49 /* NSButtonNoSizeWhenHidden.swift */,
				FE1A8BA221C96C1B00604141 /* RoundButton.swift */,
				FE137A4521F5FE05006B7F7C /* ShowMainWindowSegue.swift */,
				FEA2F53422E46A2E009F2E88 /* ShowRosterWindowSegue.swift */,
				FE5CAF992216EEF200FABD46 /* NSPopupButtonNoSizeWhenHidden.swift */,
				FEEF25352266303A00202B28 /* OMEMOIdentititesTableView.swift */,
			);
			path = ui;
			sourceTree = "<group>";
		};
		FE6E6BE521384D5E003B1696 /* utils */ = {
			isa = PBXGroup;
			children = (
				FEF5C3F922632C0000889863 /* OpenSSL_AES_GCM_Engine.swift */,
				FE6E6BE621384D5E003B1696 /* AccountManager.swift */,
				FED7AEC221415CB8001E164B /* AvatarManager.swift */,
				FED7AEC421417328001E164B /* AvatarStore.swift */,
				FED7AEC621418B83001E164B /* VCardManager.swift */,
				FEDE6AF821440AEF0019170A /* StatusHelper.swift */,
				FE30D8B6214D4BCD00670BEC /* Settings.swift */,
				FE34BBD42157DDF200775B07 /* MucModule_RoomError_extension.swift */,
				FE41FB30215AB32200AD86D3 /* ServerCertificateInfo.swift */,
				FE380AD921B15720008717FA /* DownloadCache.swift */,
				FE5CAF972215BCD600FABD46 /* ScriptsManager.swift */,
				FE9CDF0C2269E282001039C3 /* MessageEncryption.swift */,
			);
			path = utils;
			sourceTree = "<group>";
		};
		FE6E6BE721384D5E003B1696 /* service */ = {
			isa = PBXGroup;
			children = (
				FE6E6BE821384D5E003B1696 /* XmppService.swift */,
				FE41FB38215CD51700AD86D3 /* MucEventHandler.swift */,
				FE41FB3A215CD7F300AD86D3 /* XmppServiceEventHandler.swift */,
				FE41FB3C215CD82500AD86D3 /* PresenceRosterEventHandler.swift */,
				FE41FB3E215CD95D00AD86D3 /* AvatarEventHandler.swift */,
				FE41FB40215CDA6000AD86D3 /* MessageEventHandler.swift */,
				FE41FB42215CDAF900AD86D3 /* XMPPClient_extension.swift */,
				FE4E8DD9215EA4860010D88E /* HttpFileUploadEventHandler.swift */,
				FE4D21372223FEE70058B662 /* PEPBookmarksModule_extension.swift */,
			);
			path = service;
			sourceTree = "<group>";
		};
		FE6E6BE921384D5E003B1696 /* chat */ = {
			isa = PBXGroup;
			children = (
				FE6E6BEB21384D5E003B1696 /* Open1On1ChatController.swift */,
				FE6E6BEC21384D5E003B1696 /* ChatMessageCellView.swift */,
				FE5202D4227F330E00644C12 /* ChatMessageContinuationCellView.swift */,
				FE6E6BED21384D5E003B1696 /* ChatViewController.swift */,
				FEC5DC7D21552A3300AA3E4F /* ChatViewDataSourceDelegate.swift */,
				FEC5DC7F21552A9B00AA3E4F /* ChatViewDataSource.swift */,
				FEC5DC8121552D8300AA3E4F /* ChatViewItemProtocol.swift */,
				FEC5DC8321553A7500AA3E4F /* AbstractChatViewController.swift */,
				FE4E8DDB215F72130010D88E /* AbstractChatView_ShareExtension.swift */,
				FE5202D6227F339D00644C12 /* BaseChatMessageCellView.swift */,
				FEFFF7D02334E71B004CB9CE /* ChatMessageSystemCellView.swift */,
			);
			path = chat;
			sourceTree = "<group>";
		};
		FE6E6BEE21384D5E003B1696 /* chatslist */ = {
			isa = PBXGroup;
			children = (
				FE3AA0C721540618001667A9 /* groups */,
				FE6E6BEA21384D5E003B1696 /* OutlineGroupItemButton.swift */,
				FE6E6BEF21384D5E003B1696 /* ChatsListView.swift */,
				FE6E6BF021384D5E003B1696 /* ChatsWindowController.swift */,
				FE6E6C0721384DF1003B1696 /* ChatCellView.swift */,
				FEDE6AF42143D8130019170A /* ChatsListTableRowView.swift */,
				FE3AA0CA21540669001667A9 /* ChatItemProtocol.swift */,
				FE3F2AF1228813E200737D51 /* EmptyViewController.swift */,
			);
			path = chatslist;
			sourceTree = "<group>";
		};
		FE6E6BF121384D5E003B1696 /* database */ = {
			isa = PBXGroup;
			children = (
				FE6E6BF221384D5E003B1696 /* DBChatHistoryStore.swift */,
				FE6E6BF321384D5E003B1696 /* DBRosterStore.swift */,
				FE6E6BF421384D5E003B1696 /* DatabaseSchemaManager.swift */,
				FE6E6BF521384D5E003B1696 /* DBChatStore.swift */,
				FE6E6BF621384D5E003B1696 /* Database.swift */,
				FED7AEC821418FA9001E164B /* DBVCardStore.swift */,
				FE3AA0D2215409B8001667A9 /* DBRoomsManager.swift */,
				FE41FB36215BBFC800AD86D3 /* DBCapabilitiesCache.swift */,
				FE02DD12225BC33F00FA08EB /* DBOMEMOStore.swift */,
			);
			path = database;
			sourceTree = "<group>";
		};
		FE87C76D22834DFA00B0B64C /* xmlconsole */ = {
			isa = PBXGroup;
			children = (
				FE87C76E22834E0B00B0B64C /* XMLConsoleViewController.swift */,
				FE87C7742285736200B0B64C /* XMLEntryViewController.swift */,
			);
			path = xmlconsole;
			sourceTree = "<group>";
		};
		FED2ECE72066B01C00F506A5 = {
			isa = PBXGroup;
			children = (
				FE1678ED22FC92970013B94A /* WebRTC.framework */,
				FEF5C3FE22632CDE00889863 /* openssl.framework */,
				FEF5C3D82260893800889863 /* TigaseSwiftOMEMO.framework */,
				FE421B4821C92FBF0022DF77 /* LICENSE */,
				FED2ECF22066B01C00F506A5 /* BeagleIM */,
				FED2ED052066B01C00F506A5 /* BeagleIMTests */,
				FED2ED102066B01C00F506A5 /* BeagleIMUITests */,
				FED2ECF12066B01C00F506A5 /* Products */,
				FEF9CE2020827F0000B09B6C /* Frameworks */,
			);
			sourceTree = "<group>";
		};
		FED2ECF12066B01C00F506A5 /* Products */ = {
			isa = PBXGroup;
			children = (
				FED2ECF02066B01C00F506A5 /* BeagleIM.app */,
				FED2ED022066B01C00F506A5 /* BeagleIMTests.xctest */,
				FED2ED0D2066B01C00F506A5 /* BeagleIMUITests.xctest */,
			);
			name = Products;
			sourceTree = "<group>";
		};
		FED2ECF22066B01C00F506A5 /* BeagleIM */ = {
			isa = PBXGroup;
			children = (
				FE149D8322A515B900EE4E03 /* historysearch */,
				FE5C6B2522897F0C003DAB30 /* servicedisco */,
				FE87C76D22834DFA00B0B64C /* xmlconsole */,
				FEEF25372266528500202B28 /* contact */,
				FE1A8BA421CA880100604141 /* voip */,
				FE30D8B8214ED1DE00670BEC /* groupchat */,
				FEDE6AFA21455A0E0019170A /* roster */,
				FE6E6BE921384D5E003B1696 /* chat */,
				FE6E6BEE21384D5E003B1696 /* chatslist */,
				FE6E6BF121384D5E003B1696 /* database */,
				FE6E6BE721384D5E003B1696 /* service */,
				FED7AEBD21403595001E164B /* settings */,
				FE6E6BE121384D5E003B1696 /* ui */,
				FE6E6BE521384D5E003B1696 /* utils */,
				FED2ECF72066B01C00F506A5 /* Assets.xcassets */,
				FED2ECF32066B01C00F506A5 /* AppDelegate.swift */,
				FED2ECF92066B01C00F506A5 /* Main.storyboard */,
				FE4073A621BACA2D009CE335 /* VoIP.storyboard */,
				FE5C6B2322896B12003DAB30 /* ServiceDiscovery.storyboard */,
				FEDC03172257B2B400F24BF4 /* Settings.storyboard */,
				FE87C76B2283487300B0B64C /* XMLConsole.storyboard */,
				FED2ECFC2066B01C00F506A5 /* Info.plist */,
				FED2ECFD2066B01C00F506A5 /* BeagleIM.entitlements */,
				FEF9CE1C2082765000B09B6C /* db-schema-1.sql */,
				FE4D2131221F2A6E0058B662 /* db-schema-2.sql */,
				FE8C9F5321B3F6BD00BE8332 /* container-migration.plist */,
				FE9D88B3217652DF006CF0D9 /* BeagleIM-Bridging-Header.h */,
				FE421B4621C928B00022DF77 /* Credits.rtf */,
				FE02DD10225B8D1100FA08EB /* db-schema-3.sql */,
				FE149D8122A5120300EE4E03 /* SearchHistory.storyboard */,
				FE149D8622A51AD900EE4E03 /* db-schema-4.sql */,
				FEFFF7CC232FCF25004CB9CE /* ConversationDetails.storyboard */,
				FEFFF7CE23313B52004CB9CE /* db-schema-5.sql */,
			);
			path = BeagleIM;
			sourceTree = "<group>";
		};
		FED2ED052066B01C00F506A5 /* BeagleIMTests */ = {
			isa = PBXGroup;
			children = (
				FED2ED062066B01C00F506A5 /* BeagleIMTests.swift */,
				FED2ED082066B01C00F506A5 /* Info.plist */,
			);
			path = BeagleIMTests;
			sourceTree = "<group>";
		};
		FED2ED102066B01C00F506A5 /* BeagleIMUITests */ = {
			isa = PBXGroup;
			children = (
				FED2ED112066B01C00F506A5 /* BeagleIMUITests.swift */,
				FED2ED132066B01C00F506A5 /* Info.plist */,
			);
			path = BeagleIMUITests;
			sourceTree = "<group>";
		};
		FED7AEBD21403595001E164B /* settings */ = {
			isa = PBXGroup;
			children = (
				FED7AEBE214035C0001E164B /* AccountsListController.swift */,
				FED7AEC02140569E001E164B /* AddAccountController.swift */,
				FE30D8B4214D39A700670BEC /* GeneralSettingsController.swift */,
				FE41FB32215B8D5A00AD86D3 /* ServerCertificateErrorController.swift */,
				FE41FB44215E426400AD86D3 /* MessageArchivingSetttingsViewController.swift */,
				FE28097C21652A7C002F5BD0 /* VCardEditorViewController.swift */,
				FE28097E2166892D002F5BD0 /* AccountDetailsViewController.swift */,
				FE8C9F5521B40F9000BE8332 /* RegisterAccountController.swift */,
				FEEF25312264A80500202B28 /* OMEMOController.swift */,
				FEA2F53622E5F6A2009F2E88 /* AdvancedSettingsController.swift */,
				FEDCCA3C22F48C8300CC5C2C /* NetworkSettingsController.swift */,
				FE65A282230314D9001E68EF /* SettingsTabViewController.swift */,
				FE988C18232C0A0C002D85AF /* ChangePasswordController.swift */,
			);
			path = settings;
			sourceTree = "<group>";
		};
		FEDE6AFA21455A0E0019170A /* roster */ = {
			isa = PBXGroup;
			children = (
				FEDE6AFB21455A2B0019170A /* RosterViewController.swift */,
				FE30D8AC214C2D7100670BEC /* RosterViewController_ContextMenu.swift */,
				FE30D8B2214CF15700670BEC /* AddContactController.swift */,
			);
			path = roster;
			sourceTree = "<group>";
		};
		FEEF25372266528500202B28 /* contact */ = {
			isa = PBXGroup;
			children = (
				FEEF25382266528E00202B28 /* ContactDetailsViewController.swift */,
			);
			path = contact;
			sourceTree = "<group>";
		};
		FEF9CE2020827F0000B09B6C /* Frameworks */ = {
			isa = PBXGroup;
			children = (
				FE83E364217B0F89001DEF09 /* AVFoundation.framework */,
				FEF9D12C2082808C00B09B6C /* libxml2.tbd */,
				FEF9D12A2082804E00B09B6C /* TigaseSwift.framework */,
				FEF9CE2120827F0000B09B6C /* libsqlite3.0.tbd */,
			);
			name = Frameworks;
			sourceTree = "<group>";
		};
/* End PBXGroup section */

/* Begin PBXNativeTarget section */
		FED2ECEF2066B01C00F506A5 /* BeagleIM */ = {
			isa = PBXNativeTarget;
			buildConfigurationList = FED2ED162066B01C00F506A5 /* Build configuration list for PBXNativeTarget "BeagleIM" */;
			buildPhases = (
				FED2ECEC2066B01C00F506A5 /* Sources */,
				FEB15617225FA973009B0709 /* ShellScript */,
				FED2ECED2066B01C00F506A5 /* Frameworks */,
				FED2ECEE2066B01C00F506A5 /* Resources */,
				FE4E8DE22160E7AA0010D88E /* Embed Frameworks */,
			);
			buildRules = (
			);
			dependencies = (
			);
			name = BeagleIM;
			productName = BeagleIM;
			productReference = FED2ECF02066B01C00F506A5 /* BeagleIM.app */;
			productType = "com.apple.product-type.application";
		};
		FED2ED012066B01C00F506A5 /* BeagleIMTests */ = {
			isa = PBXNativeTarget;
			buildConfigurationList = FED2ED192066B01C00F506A5 /* Build configuration list for PBXNativeTarget "BeagleIMTests" */;
			buildPhases = (
				FED2ECFE2066B01C00F506A5 /* Sources */,
				FED2ECFF2066B01C00F506A5 /* Frameworks */,
				FED2ED002066B01C00F506A5 /* Resources */,
			);
			buildRules = (
			);
			dependencies = (
				FED2ED042066B01C00F506A5 /* PBXTargetDependency */,
			);
			name = BeagleIMTests;
			productName = BeagleIMTests;
			productReference = FED2ED022066B01C00F506A5 /* BeagleIMTests.xctest */;
			productType = "com.apple.product-type.bundle.unit-test";
		};
		FED2ED0C2066B01C00F506A5 /* BeagleIMUITests */ = {
			isa = PBXNativeTarget;
			buildConfigurationList = FED2ED1C2066B01C00F506A5 /* Build configuration list for PBXNativeTarget "BeagleIMUITests" */;
			buildPhases = (
				FED2ED092066B01C00F506A5 /* Sources */,
				FED2ED0A2066B01C00F506A5 /* Frameworks */,
				FED2ED0B2066B01C00F506A5 /* Resources */,
			);
			buildRules = (
			);
			dependencies = (
				FED2ED0F2066B01C00F506A5 /* PBXTargetDependency */,
			);
			name = BeagleIMUITests;
			productName = BeagleIMUITests;
			productReference = FED2ED0D2066B01C00F506A5 /* BeagleIMUITests.xctest */;
			productType = "com.apple.product-type.bundle.ui-testing";
		};
/* End PBXNativeTarget section */

/* Begin PBXProject section */
		FED2ECE82066B01C00F506A5 /* Project object */ = {
			isa = PBXProject;
			attributes = {
				LastSwiftUpdateCheck = 0920;
				LastUpgradeCheck = 1000;
				ORGANIZATIONNAME = "HI-LOW";
				TargetAttributes = {
					FED2ECEF2066B01C00F506A5 = {
						CreatedOnToolsVersion = 9.2;
						LastSwiftMigration = 1020;
						ProvisioningStyle = Automatic;
						SystemCapabilities = {
							com.apple.HardenedRuntime = {
								enabled = 0;
							};
							com.apple.Sandbox = {
								enabled = 1;
							};
						};
					};
					FED2ED012066B01C00F506A5 = {
						CreatedOnToolsVersion = 9.2;
						LastSwiftMigration = 1020;
						ProvisioningStyle = Automatic;
						TestTargetID = FED2ECEF2066B01C00F506A5;
					};
					FED2ED0C2066B01C00F506A5 = {
						CreatedOnToolsVersion = 9.2;
						LastSwiftMigration = 1020;
						ProvisioningStyle = Automatic;
						TestTargetID = FED2ECEF2066B01C00F506A5;
					};
				};
			};
			buildConfigurationList = FED2ECEB2066B01C00F506A5 /* Build configuration list for PBXProject "BeagleIM" */;
			compatibilityVersion = "Xcode 8.0";
			developmentRegion = en;
			hasScannedForEncodings = 0;
			knownRegions = (
				en,
				Base,
			);
			mainGroup = FED2ECE72066B01C00F506A5;
			productRefGroup = FED2ECF12066B01C00F506A5 /* Products */;
			projectDirPath = "";
			projectRoot = "";
			targets = (
				FED2ECEF2066B01C00F506A5 /* BeagleIM */,
				FED2ED012066B01C00F506A5 /* BeagleIMTests */,
				FED2ED0C2066B01C00F506A5 /* BeagleIMUITests */,
			);
		};
/* End PBXProject section */

/* Begin PBXResourcesBuildPhase section */
		FED2ECEE2066B01C00F506A5 /* Resources */ = {
			isa = PBXResourcesBuildPhase;
			buildActionMask = 2147483647;
			files = (
				FEFFF7CD232FCF25004CB9CE /* ConversationDetails.storyboard in Resources */,
				FE0C817F2257B48400948C41 /* Settings.storyboard in Resources */,
				FE4D2132221F2A6E0058B662 /* db-schema-2.sql in Resources */,
				FEFFF7CF23313B52004CB9CE /* db-schema-5.sql in Resources */,
				FEF9CE1D2082765000B09B6C /* db-schema-1.sql in Resources */,
				FE4073A721BACA2D009CE335 /* VoIP.storyboard in Resources */,
				FE8C9F5421B3F6BD00BE8332 /* container-migration.plist in Resources */,
				FE02DD11225B8D1100FA08EB /* db-schema-3.sql in Resources */,
				FE149D8722A51AD900EE4E03 /* db-schema-4.sql in Resources */,
				FE421B4921C92FBF0022DF77 /* LICENSE in Resources */,
				FE5C6B2422896B12003DAB30 /* ServiceDiscovery.storyboard in Resources */,
				FE87C76C2283487300B0B64C /* XMLConsole.storyboard in Resources */,
				FE421B4721C928B00022DF77 /* Credits.rtf in Resources */,
				FED2ECF82066B01C00F506A5 /* Assets.xcassets in Resources */,
				FED2ECFB2066B01C00F506A5 /* Main.storyboard in Resources */,
				FE149D8222A5120300EE4E03 /* SearchHistory.storyboard in Resources */,
			);
			runOnlyForDeploymentPostprocessing = 0;
		};
		FED2ED002066B01C00F506A5 /* Resources */ = {
			isa = PBXResourcesBuildPhase;
			buildActionMask = 2147483647;
			files = (
			);
			runOnlyForDeploymentPostprocessing = 0;
		};
		FED2ED0B2066B01C00F506A5 /* Resources */ = {
			isa = PBXResourcesBuildPhase;
			buildActionMask = 2147483647;
			files = (
			);
			runOnlyForDeploymentPostprocessing = 0;
		};
/* End PBXResourcesBuildPhase section */

/* Begin PBXShellScriptBuildPhase section */
		FEB15617225FA973009B0709 /* ShellScript */ = {
			isa = PBXShellScriptBuildPhase;
			buildActionMask = 2147483647;
			files = (
			);
			inputFileListPaths = (
			);
			inputPaths = (
			);
			outputFileListPaths = (
			);
			outputPaths = (
			);
			runOnlyForDeploymentPostprocessing = 0;
			shellPath = /bin/sh;
			shellScript = "# Type a script or drag a script file from your workspace to insert its path.\nfor f in $(find $CODESIGNING_FOLDER_PATH -name \"*.framework\")\ndo\necho \"$f\"\ncodesign --force --sign \"${EXPANDED_CODE_SIGN_IDENTITY_NAME}\" --preserve-metadata=identifier,entitlements --timestamp=none \"$f\"\ndone\n";
		};
/* End PBXShellScriptBuildPhase section */

/* Begin PBXSourcesBuildPhase section */
		FED2ECEC2066B01C00F506A5 /* Sources */ = {
			isa = PBXSourcesBuildPhase;
			buildActionMask = 2147483647;
			files = (
				FE6E6BFC21384D5F003B1696 /* OutlineGroupItemButton.swift in Sources */,
				FE41FB31215AB32200AD86D3 /* ServerCertificateInfo.swift in Sources */,
				FE6E6BFE21384D5F003B1696 /* ChatMessageCellView.swift in Sources */,
				FEF5C3FA22632C0000889863 /* OpenSSL_AES_GCM_Engine.swift in Sources */,
				FE2809852169FB75002F5BD0 /* Alert.swift in Sources */,
				FE3AA0CB21540669001667A9 /* ChatItemProtocol.swift in Sources */,
				FE4E8DDA215EA4860010D88E /* HttpFileUploadEventHandler.swift in Sources */,
				FED7AEC321415CB8001E164B /* AvatarManager.swift in Sources */,
				FE83E363217A3809001DEF09 /* JingleManager.swift in Sources */,
				FE4D21382223FEE70058B662 /* PEPBookmarksModule_extension.swift in Sources */,
				FE3AA0C92154062F001667A9 /* ChatsListGroupProtocol.swift in Sources */,
				FED7AEC721418B83001E164B /* VCardManager.swift in Sources */,
				FE6E6C0321384D5F003B1696 /* DBRosterStore.swift in Sources */,
				FE5202D5227F330E00644C12 /* ChatMessageContinuationCellView.swift in Sources */,
				FE988C19232C0A0C002D85AF /* ChangePasswordController.swift in Sources */,
				FE5CAF982215BCD600FABD46 /* ScriptsManager.swift in Sources */,
				FE34BBD52157DDF200775B07 /* MucModule_RoomError_extension.swift in Sources */,
				FEDE6AFC21455A2B0019170A /* RosterViewController.swift in Sources */,
				FE87C7752285736200B0B64C /* XMLEntryViewController.swift in Sources */,
				FE1A8BA621CA88E300604141 /* JingleManager_Session.swift in Sources */,
				FE41FB3F215CD95D00AD86D3 /* AvatarEventHandler.swift in Sources */,
				FE30D8B7214D4BCD00670BEC /* Settings.swift in Sources */,
				FEDE6AF32142DC590019170A /* AvatarViewWithStatus.swift in Sources */,
				FE4073A921BACC50009CE335 /* VideoCallController.swift in Sources */,
				FED7AEC12140569E001E164B /* AddAccountController.swift in Sources */,
				FE41FB39215CD51700AD86D3 /* MucEventHandler.swift in Sources */,
				FE6E6BFF21384D5F003B1696 /* ChatViewController.swift in Sources */,
				FE28097D21652A7C002F5BD0 /* VCardEditorViewController.swift in Sources */,
				FEDE6AF52143D8130019170A /* ChatsListTableRowView.swift in Sources */,
				FE41FB43215CDAF900AD86D3 /* XMPPClient_extension.swift in Sources */,
				FE41FB41215CDA6000AD86D3 /* MessageEventHandler.swift in Sources */,
				FEFFF7D12334E71B004CB9CE /* ChatMessageSystemCellView.swift in Sources */,
				FE8C9F5621B40F9000BE8332 /* RegisterAccountController.swift in Sources */,
				FE5BE64E213AD19A00463183 /* ChatCellViewMessage.swift in Sources */,
				FE5202D7227F339D00644C12 /* BaseChatMessageCellView.swift in Sources */,
				FEA2F53722E5F6A2009F2E88 /* AdvancedSettingsController.swift in Sources */,
				FED7AEC921418FA9001E164B /* DBVCardStore.swift in Sources */,
				FEA8941F2156625E004C3B51 /* ConfigureRoomViewController.swift in Sources */,
				FEA2F53522E46A2E009F2E88 /* ShowRosterWindowSegue.swift in Sources */,
				FE30D8AF214C3B7600670BEC /* NSImage.swift in Sources */,
				FE6E6C0421384D5F003B1696 /* DatabaseSchemaManager.swift in Sources */,
				FE5C6B2722897F1B003DAB30 /* ServiceDiscoveryViewController.swift in Sources */,
				FE3AA0CD2154069D001667A9 /* ChatsListGroupGroupchat.swift in Sources */,
				FED7AEC521417328001E164B /* AvatarStore.swift in Sources */,
				FE6E6BFA21384D5F003B1696 /* AccountManager.swift in Sources */,
				FEEF25322264A80500202B28 /* OMEMOController.swift in Sources */,
				FEC5DC8621553F4700AA3E4F /* GroupchatViewController.swift in Sources */,
				FE380ADA21B15720008717FA /* DownloadCache.swift in Sources */,
				FEF844742173B9DC0067B005 /* Markdown.swift in Sources */,
				FE6E6C0221384D5F003B1696 /* DBChatHistoryStore.swift in Sources */,
				FE5CAF9A2216EEF200FABD46 /* NSPopupButtonNoSizeWhenHidden.swift in Sources */,
				FE4E8DDC215F72130010D88E /* AbstractChatView_ShareExtension.swift in Sources */,
				FE6E6BF821384D5F003B1696 /* ViewController.swift in Sources */,
				FE9486B221BBD7A600C8DE49 /* NSButtonNoSizeWhenHidden.swift in Sources */,
				FE34BBD12157901100775B07 /* JabberDataFormView.swift in Sources */,
				FE30D8B5214D39A700670BEC /* GeneralSettingsController.swift in Sources */,
				FE137A4621F5FE05006B7F7C /* ShowMainWindowSegue.swift in Sources */,
				FE28097F2166892D002F5BD0 /* AccountDetailsViewController.swift in Sources */,
				FE30D8AD214C2D7100670BEC /* RosterViewController_ContextMenu.swift in Sources */,
				FE02DD13225BC33F00FA08EB /* DBOMEMOStore.swift in Sources */,
				FE6E6C0121384D5F003B1696 /* ChatsWindowController.swift in Sources */,
				FE3AA0D3215409B8001667A9 /* DBRoomsManager.swift in Sources */,
				FE5BE64C213AC3EA00463183 /* ChatsCellViewCloseButton.swift in Sources */,
				FE3AA0D12154077D001667A9 /* ChatsListGroupAbstractChat.swift in Sources */,
				FE5C6B2B228C119A003DAB30 /* ExecuteAdHocCommandController.swift in Sources */,
				FE41FB3B215CD7F300AD86D3 /* XmppServiceEventHandler.swift in Sources */,
				FE30D8B1214CE93600670BEC /* FormView.swift in Sources */,
				FE149D8522A515C900EE4E03 /* SearchHistoryController.swift in Sources */,
				FE30D8B3214CF15700670BEC /* AddContactController.swift in Sources */,
				FEC661F821AABFB0004FDE1E /* NSViewWithTextBackground.swift in Sources */,
				FE3AA0CF215406D1001667A9 /* ChatsListGroupChat.swift in Sources */,
				FE6E6BF921384D5F003B1696 /* AvatarView.swift in Sources */,
				FEEF25392266528E00202B28 /* ContactDetailsViewController.swift in Sources */,
				FE65A283230314D9001E68EF /* SettingsTabViewController.swift in Sources */,
				FE9CDF0D2269E282001039C3 /* MessageEncryption.swift in Sources */,
				FE6E6C0821384DF1003B1696 /* ChatCellView.swift in Sources */,
				FE41FB3D215CD82500AD86D3 /* PresenceRosterEventHandler.swift in Sources */,
				FE1A8BA321C96C1B00604141 /* RoundButton.swift in Sources */,
				FEC5DC8421553A7500AA3E4F /* AbstractChatViewController.swift in Sources */,
				FEC5DC8221552D8300AA3E4F /* ChatViewItemProtocol.swift in Sources */,
				FEC5DC7E21552A3300AA3E4F /* ChatViewDataSourceDelegate.swift in Sources */,
				FE87C76F22834E0B00B0B64C /* XMLConsoleViewController.swift in Sources */,
				FED7AEBF214035C0001E164B /* AccountsListController.swift in Sources */,
				FEF8BED2216A6761001DA755 /* InviteToGroupchatController.swift in Sources */,
				FE6E6BFD21384D5F003B1696 /* Open1On1ChatController.swift in Sources */,
				FED2ECF42066B01C00F506A5 /* AppDelegate.swift in Sources */,
				FE30D8BA214ED28A00670BEC /* OpenGroupchatController.swift in Sources */,
				FE41FB33215B8D5A00AD86D3 /* ServerCertificateErrorController.swift in Sources */,
				FEDCCA3D22F48C8300CC5C2C /* NetworkSettingsController.swift in Sources */,
				FE5C6B2D22916C47003DAB30 /* JoinGroupchatViewController.swift in Sources */,
				FE3F2AF2228813E200737D51 /* EmptyViewController.swift in Sources */,
				FEDE6AF921440AEF0019170A /* StatusHelper.swift in Sources */,
				FE41FB45215E426400AD86D3 /* MessageArchivingSetttingsViewController.swift in Sources */,
				FE6E6C0021384D5F003B1696 /* ChatsListView.swift in Sources */,
				FE6E6C0621384D5F003B1696 /* Database.swift in Sources */,
				FEEF25362266303A00202B28 /* OMEMOIdentititesTableView.swift in Sources */,
				FEB4EAFC2162A3DC00F8A9E2 /* AutoresizineTextView.swift in Sources */,
				FEB4EAFE2163714300F8A9E2 /* RoundedScrollView.swift in Sources */,
				FEC5DC8021552A9B00AA3E4F /* ChatViewDataSource.swift in Sources */,
				FE41FB37215BBFC800AD86D3 /* DBCapabilitiesCache.swift in Sources */,
				FE5C6B29228B34B9003DAB30 /* SelectAdHocCommandController.swift in Sources */,
				FE6E6BFB21384D5F003B1696 /* XmppService.swift in Sources */,
				FE6E6BF721384D5F003B1696 /* AutoresizingTextField.swift in Sources */,
				FE41FB2F215A822700AD86D3 /* ManageAffiliationsViewController.swift in Sources */,
				FE6E6C0521384D5F003B1696 /* DBChatStore.swift in Sources */,
			);
			runOnlyForDeploymentPostprocessing = 0;
		};
		FED2ECFE2066B01C00F506A5 /* Sources */ = {
			isa = PBXSourcesBuildPhase;
			buildActionMask = 2147483647;
			files = (
				FED2ED072066B01C00F506A5 /* BeagleIMTests.swift in Sources */,
			);
			runOnlyForDeploymentPostprocessing = 0;
		};
		FED2ED092066B01C00F506A5 /* Sources */ = {
			isa = PBXSourcesBuildPhase;
			buildActionMask = 2147483647;
			files = (
				FED2ED122066B01C00F506A5 /* BeagleIMUITests.swift in Sources */,
			);
			runOnlyForDeploymentPostprocessing = 0;
		};
/* End PBXSourcesBuildPhase section */

/* Begin PBXTargetDependency section */
		FED2ED042066B01C00F506A5 /* PBXTargetDependency */ = {
			isa = PBXTargetDependency;
			target = FED2ECEF2066B01C00F506A5 /* BeagleIM */;
			targetProxy = FED2ED032066B01C00F506A5 /* PBXContainerItemProxy */;
		};
		FED2ED0F2066B01C00F506A5 /* PBXTargetDependency */ = {
			isa = PBXTargetDependency;
			target = FED2ECEF2066B01C00F506A5 /* BeagleIM */;
			targetProxy = FED2ED0E2066B01C00F506A5 /* PBXContainerItemProxy */;
		};
/* End PBXTargetDependency section */

/* Begin PBXVariantGroup section */
		FED2ECF92066B01C00F506A5 /* Main.storyboard */ = {
			isa = PBXVariantGroup;
			children = (
				FED2ECFA2066B01C00F506A5 /* Base */,
			);
			name = Main.storyboard;
			sourceTree = "<group>";
		};
/* End PBXVariantGroup section */

/* Begin XCBuildConfiguration section */
		FED2ED142066B01C00F506A5 /* Debug */ = {
			isa = XCBuildConfiguration;
			buildSettings = {
				ALWAYS_SEARCH_USER_PATHS = NO;
				CLANG_ANALYZER_NONNULL = YES;
				CLANG_ANALYZER_NUMBER_OBJECT_CONVERSION = YES_AGGRESSIVE;
				CLANG_CXX_LANGUAGE_STANDARD = "gnu++14";
				CLANG_CXX_LIBRARY = "libc++";
				CLANG_ENABLE_MODULES = YES;
				CLANG_ENABLE_OBJC_ARC = YES;
				CLANG_WARN_BLOCK_CAPTURE_AUTORELEASING = YES;
				CLANG_WARN_BOOL_CONVERSION = YES;
				CLANG_WARN_COMMA = YES;
				CLANG_WARN_CONSTANT_CONVERSION = YES;
				CLANG_WARN_DEPRECATED_OBJC_IMPLEMENTATIONS = YES;
				CLANG_WARN_DIRECT_OBJC_ISA_USAGE = YES_ERROR;
				CLANG_WARN_DOCUMENTATION_COMMENTS = YES;
				CLANG_WARN_EMPTY_BODY = YES;
				CLANG_WARN_ENUM_CONVERSION = YES;
				CLANG_WARN_INFINITE_RECURSION = YES;
				CLANG_WARN_INT_CONVERSION = YES;
				CLANG_WARN_NON_LITERAL_NULL_CONVERSION = YES;
				CLANG_WARN_OBJC_IMPLICIT_RETAIN_SELF = YES;
				CLANG_WARN_OBJC_LITERAL_CONVERSION = YES;
				CLANG_WARN_OBJC_ROOT_CLASS = YES_ERROR;
				CLANG_WARN_RANGE_LOOP_ANALYSIS = YES;
				CLANG_WARN_STRICT_PROTOTYPES = YES;
				CLANG_WARN_SUSPICIOUS_MOVE = YES;
				CLANG_WARN_UNGUARDED_AVAILABILITY = YES_AGGRESSIVE;
				CLANG_WARN_UNREACHABLE_CODE = YES;
				CLANG_WARN__DUPLICATE_METHOD_MATCH = YES;
				CODE_SIGN_IDENTITY = "-";
				COPY_PHASE_STRIP = NO;
				DEBUG_INFORMATION_FORMAT = dwarf;
				ENABLE_STRICT_OBJC_MSGSEND = YES;
				ENABLE_TESTABILITY = YES;
				GCC_C_LANGUAGE_STANDARD = gnu11;
				GCC_DYNAMIC_NO_PIC = NO;
				GCC_NO_COMMON_BLOCKS = YES;
				GCC_OPTIMIZATION_LEVEL = 0;
				GCC_PREPROCESSOR_DEFINITIONS = (
					"DEBUG=1",
					"$(inherited)",
				);
				GCC_WARN_64_TO_32_BIT_CONVERSION = YES;
				GCC_WARN_ABOUT_RETURN_TYPE = YES_ERROR;
				GCC_WARN_UNDECLARED_SELECTOR = YES;
				GCC_WARN_UNINITIALIZED_AUTOS = YES_AGGRESSIVE;
				GCC_WARN_UNUSED_FUNCTION = YES;
				GCC_WARN_UNUSED_VARIABLE = YES;
				MACOSX_DEPLOYMENT_TARGET = 10.14;
				MTL_ENABLE_DEBUG_INFO = YES;
				ONLY_ACTIVE_ARCH = YES;
				SDKROOT = macosx;
				SWIFT_ACTIVE_COMPILATION_CONDITIONS = DEBUG;
				SWIFT_OPTIMIZATION_LEVEL = "-Onone";
			};
			name = Debug;
		};
		FED2ED152066B01C00F506A5 /* Release */ = {
			isa = XCBuildConfiguration;
			buildSettings = {
				ALWAYS_SEARCH_USER_PATHS = NO;
				CLANG_ANALYZER_NONNULL = YES;
				CLANG_ANALYZER_NUMBER_OBJECT_CONVERSION = YES_AGGRESSIVE;
				CLANG_CXX_LANGUAGE_STANDARD = "gnu++14";
				CLANG_CXX_LIBRARY = "libc++";
				CLANG_ENABLE_MODULES = YES;
				CLANG_ENABLE_OBJC_ARC = YES;
				CLANG_WARN_BLOCK_CAPTURE_AUTORELEASING = YES;
				CLANG_WARN_BOOL_CONVERSION = YES;
				CLANG_WARN_COMMA = YES;
				CLANG_WARN_CONSTANT_CONVERSION = YES;
				CLANG_WARN_DEPRECATED_OBJC_IMPLEMENTATIONS = YES;
				CLANG_WARN_DIRECT_OBJC_ISA_USAGE = YES_ERROR;
				CLANG_WARN_DOCUMENTATION_COMMENTS = YES;
				CLANG_WARN_EMPTY_BODY = YES;
				CLANG_WARN_ENUM_CONVERSION = YES;
				CLANG_WARN_INFINITE_RECURSION = YES;
				CLANG_WARN_INT_CONVERSION = YES;
				CLANG_WARN_NON_LITERAL_NULL_CONVERSION = YES;
				CLANG_WARN_OBJC_IMPLICIT_RETAIN_SELF = YES;
				CLANG_WARN_OBJC_LITERAL_CONVERSION = YES;
				CLANG_WARN_OBJC_ROOT_CLASS = YES_ERROR;
				CLANG_WARN_RANGE_LOOP_ANALYSIS = YES;
				CLANG_WARN_STRICT_PROTOTYPES = YES;
				CLANG_WARN_SUSPICIOUS_MOVE = YES;
				CLANG_WARN_UNGUARDED_AVAILABILITY = YES_AGGRESSIVE;
				CLANG_WARN_UNREACHABLE_CODE = YES;
				CLANG_WARN__DUPLICATE_METHOD_MATCH = YES;
				CODE_SIGN_IDENTITY = "-";
				COPY_PHASE_STRIP = NO;
				DEBUG_INFORMATION_FORMAT = "dwarf-with-dsym";
				ENABLE_NS_ASSERTIONS = NO;
				ENABLE_STRICT_OBJC_MSGSEND = YES;
				GCC_C_LANGUAGE_STANDARD = gnu11;
				GCC_NO_COMMON_BLOCKS = YES;
				GCC_WARN_64_TO_32_BIT_CONVERSION = YES;
				GCC_WARN_ABOUT_RETURN_TYPE = YES_ERROR;
				GCC_WARN_UNDECLARED_SELECTOR = YES;
				GCC_WARN_UNINITIALIZED_AUTOS = YES_AGGRESSIVE;
				GCC_WARN_UNUSED_FUNCTION = YES;
				GCC_WARN_UNUSED_VARIABLE = YES;
				MACOSX_DEPLOYMENT_TARGET = 10.14;
				MTL_ENABLE_DEBUG_INFO = NO;
				SDKROOT = macosx;
				SWIFT_OPTIMIZATION_LEVEL = "-Owholemodule";
			};
			name = Release;
		};
		FED2ED172066B01C00F506A5 /* Debug */ = {
			isa = XCBuildConfiguration;
			buildSettings = {
				ASSETCATALOG_COMPILER_APPICON_NAME = AppIcon;
				CODE_SIGN_ENTITLEMENTS = BeagleIM/BeagleIM.entitlements;
				CODE_SIGN_IDENTITY = "Mac Developer";
				CODE_SIGN_STYLE = Automatic;
				COMBINE_HIDPI_IMAGES = YES;
				CURRENT_PROJECT_VERSION = 47;
				DEVELOPMENT_TEAM = YBEYW6E35C;
				FRAMEWORK_SEARCH_PATHS = (
					"$(inherited)",
					"$(PROJECT_DIR)",
				);
				INFOPLIST_FILE = BeagleIM/Info.plist;
				LD_RUNPATH_SEARCH_PATHS = "$(inherited) @executable_path/../Frameworks @executable_path/Frameworks";
				MACOSX_DEPLOYMENT_TARGET = 10.14;
				OTHER_LDFLAGS = "-v";
				PRODUCT_BUNDLE_IDENTIFIER = org.tigase.messenger.BeagleIM;
				PRODUCT_NAME = "$(TARGET_NAME)";
				PROVISIONING_PROFILE_SPECIFIER = "";
				SWIFT_INCLUDE_PATHS = "$(SDK_DIR)/usr/include/libxml2/** $(SRCROT)/jrtplib/**";
				SWIFT_OBJC_BRIDGING_HEADER = "BeagleIM/BeagleIM-Bridging-Header.h";
				SWIFT_VERSION = 5.0;
			};
			name = Debug;
		};
		FED2ED182066B01C00F506A5 /* Release */ = {
			isa = XCBuildConfiguration;
			buildSettings = {
				ASSETCATALOG_COMPILER_APPICON_NAME = AppIcon;
				CODE_SIGN_ENTITLEMENTS = BeagleIM/BeagleIM.entitlements;
				CODE_SIGN_IDENTITY = "Mac Developer";
				CODE_SIGN_STYLE = Automatic;
				COMBINE_HIDPI_IMAGES = YES;
				CURRENT_PROJECT_VERSION = 47;
				DEVELOPMENT_TEAM = YBEYW6E35C;
				FRAMEWORK_SEARCH_PATHS = (
					"$(inherited)",
					"$(PROJECT_DIR)",
				);
				INFOPLIST_FILE = BeagleIM/Info.plist;
				LD_RUNPATH_SEARCH_PATHS = "$(inherited) @executable_path/../Frameworks @executable_path/Frameworks";
				MACOSX_DEPLOYMENT_TARGET = 10.14;
				OTHER_LDFLAGS = "-v";
				PRODUCT_BUNDLE_IDENTIFIER = org.tigase.messenger.BeagleIM;
				PRODUCT_NAME = "$(TARGET_NAME)";
				PROVISIONING_PROFILE_SPECIFIER = "";
				SWIFT_INCLUDE_PATHS = "$(SDK_DIR)/usr/include/libxml2/** $(SRCROT)/jrtplib/**";
				SWIFT_OBJC_BRIDGING_HEADER = "BeagleIM/BeagleIM-Bridging-Header.h";
				SWIFT_VERSION = 5.0;
			};
			name = Release;
		};
		FED2ED1A2066B01C00F506A5 /* Debug */ = {
			isa = XCBuildConfiguration;
			buildSettings = {
				ALWAYS_EMBED_SWIFT_STANDARD_LIBRARIES = YES;
				BUNDLE_LOADER = "$(TEST_HOST)";
				CODE_SIGN_STYLE = Automatic;
				COMBINE_HIDPI_IMAGES = YES;
				INFOPLIST_FILE = BeagleIMTests/Info.plist;
				LD_RUNPATH_SEARCH_PATHS = "$(inherited) @executable_path/../Frameworks @loader_path/../Frameworks";
				PRODUCT_BUNDLE_IDENTIFIER = eu.hilow.BeagleIMTests;
				PRODUCT_NAME = "$(TARGET_NAME)";
				SWIFT_VERSION = 5.0;
				TEST_HOST = "$(BUILT_PRODUCTS_DIR)/BeagleIM.app/Contents/MacOS/BeagleIM";
			};
			name = Debug;
		};
		FED2ED1B2066B01C00F506A5 /* Release */ = {
			isa = XCBuildConfiguration;
			buildSettings = {
				ALWAYS_EMBED_SWIFT_STANDARD_LIBRARIES = YES;
				BUNDLE_LOADER = "$(TEST_HOST)";
				CODE_SIGN_STYLE = Automatic;
				COMBINE_HIDPI_IMAGES = YES;
				INFOPLIST_FILE = BeagleIMTests/Info.plist;
				LD_RUNPATH_SEARCH_PATHS = "$(inherited) @executable_path/../Frameworks @loader_path/../Frameworks";
				PRODUCT_BUNDLE_IDENTIFIER = eu.hilow.BeagleIMTests;
				PRODUCT_NAME = "$(TARGET_NAME)";
				SWIFT_VERSION = 5.0;
				TEST_HOST = "$(BUILT_PRODUCTS_DIR)/BeagleIM.app/Contents/MacOS/BeagleIM";
			};
			name = Release;
		};
		FED2ED1D2066B01C00F506A5 /* Debug */ = {
			isa = XCBuildConfiguration;
			buildSettings = {
				ALWAYS_EMBED_SWIFT_STANDARD_LIBRARIES = YES;
				CODE_SIGN_STYLE = Automatic;
				COMBINE_HIDPI_IMAGES = YES;
				INFOPLIST_FILE = BeagleIMUITests/Info.plist;
				LD_RUNPATH_SEARCH_PATHS = "$(inherited) @executable_path/../Frameworks @loader_path/../Frameworks";
				PRODUCT_BUNDLE_IDENTIFIER = eu.hilow.BeagleIMUITests;
				PRODUCT_NAME = "$(TARGET_NAME)";
				SWIFT_VERSION = 5.0;
				TEST_TARGET_NAME = BeagleIM;
			};
			name = Debug;
		};
		FED2ED1E2066B01C00F506A5 /* Release */ = {
			isa = XCBuildConfiguration;
			buildSettings = {
				ALWAYS_EMBED_SWIFT_STANDARD_LIBRARIES = YES;
				CODE_SIGN_STYLE = Automatic;
				COMBINE_HIDPI_IMAGES = YES;
				INFOPLIST_FILE = BeagleIMUITests/Info.plist;
				LD_RUNPATH_SEARCH_PATHS = "$(inherited) @executable_path/../Frameworks @loader_path/../Frameworks";
				PRODUCT_BUNDLE_IDENTIFIER = eu.hilow.BeagleIMUITests;
				PRODUCT_NAME = "$(TARGET_NAME)";
				SWIFT_VERSION = 5.0;
				TEST_TARGET_NAME = BeagleIM;
			};
			name = Release;
		};
/* End XCBuildConfiguration section */

/* Begin XCConfigurationList section */
		FED2ECEB2066B01C00F506A5 /* Build configuration list for PBXProject "BeagleIM" */ = {
			isa = XCConfigurationList;
			buildConfigurations = (
				FED2ED142066B01C00F506A5 /* Debug */,
				FED2ED152066B01C00F506A5 /* Release */,
			);
			defaultConfigurationIsVisible = 0;
			defaultConfigurationName = Release;
		};
		FED2ED162066B01C00F506A5 /* Build configuration list for PBXNativeTarget "BeagleIM" */ = {
			isa = XCConfigurationList;
			buildConfigurations = (
				FED2ED172066B01C00F506A5 /* Debug */,
				FED2ED182066B01C00F506A5 /* Release */,
			);
			defaultConfigurationIsVisible = 0;
			defaultConfigurationName = Release;
		};
		FED2ED192066B01C00F506A5 /* Build configuration list for PBXNativeTarget "BeagleIMTests" */ = {
			isa = XCConfigurationList;
			buildConfigurations = (
				FED2ED1A2066B01C00F506A5 /* Debug */,
				FED2ED1B2066B01C00F506A5 /* Release */,
			);
			defaultConfigurationIsVisible = 0;
			defaultConfigurationName = Release;
		};
		FED2ED1C2066B01C00F506A5 /* Build configuration list for PBXNativeTarget "BeagleIMUITests" */ = {
			isa = XCConfigurationList;
			buildConfigurations = (
				FED2ED1D2066B01C00F506A5 /* Debug */,
				FED2ED1E2066B01C00F506A5 /* Release */,
			);
			defaultConfigurationIsVisible = 0;
			defaultConfigurationName = Release;
		};
/* End XCConfigurationList section */
	};
	rootObject = FED2ECE82066B01C00F506A5 /* Project object */;
}
