{
  "object": {
    "pins": [
      {
        "package": "libsignal",
        "repositoryURL": "https://github.com/tigase/libsignal",
        "state": {
          "branch": null,
          "revision": "d23d5af0d729cf66b93cea607f3f84a34b9fddfd",
          "version": "1.0.0"
        }
      },
      {
        "package": "tigase-logging.swift",
        "repositoryURL": "https://github.com/tigase/tigase-logging.swift",
        "state": {
          "branch": "master",
          "revision": "382e2e85e64f8b1e3fcb71a996a030bf1b62ecb3",
          "version": null
        }
      },
      {
        "package": "tigase-sqlite3.swift",
        "repositoryURL": "https://github.com/tigase/tigase-sqlite3.swift.git",
        "state": {
          "branch": "master",
          "revision": "d4a563a709df4ba0e05a04cf8ac6f68075c54288",
          "version": null
        }
      },
      {
        "package": "TigaseSwift",
        "repositoryURL": "https://github.com/tigase/tigase-swift",
        "state": {
          "branch": "master",
          "revision": "3bcb9f4e08220a608caac689494d4d187d7804fd",
          "version": null
        }
      },
      {
        "package": "TigaseSwiftOMEMO",
        "repositoryURL": "https://github.com/tigase/tigase-swift-omemo",
        "state": {
          "branch": "master",
          "revision": "d7a32ee1f5558b496543c9980f668a9b7c0d4c6b",
          "version": null
        }
      }
    ]
  },
  "version": 1
}
